// !$*UTF8*$!
{
	archiveVersion = 1;
	classes = {
	};
	objectVersion = 55;
	objects = {

/* Begin PBXBuildFile section */
		6DCE2852F048C54E0F60082E /* Pods_RxCocoaBasic.framework in Frameworks */ = {isa = PBXBuildFile; fileRef = 7BB8D24A83EFB1386BA9722C /* Pods_RxCocoaBasic.framework */; };
		B7E899693ABC7C4361C0516B /* Pods_RxCocoaBasic_RxCocoaBasicUITests.framework in Frameworks */ = {isa = PBXBuildFile; fileRef = 2F94EAD1FD28F1BDFF7F4C76 /* Pods_RxCocoaBasic_RxCocoaBasicUITests.framework */; };
		C300776527D6F76200C1A852 /* AppDelegate.swift in Sources */ = {isa = PBXBuildFile; fileRef = C300776427D6F76200C1A852 /* AppDelegate.swift */; };
		C300776727D6F76200C1A852 /* SceneDelegate.swift in Sources */ = {isa = PBXBuildFile; fileRef = C300776627D6F76200C1A852 /* SceneDelegate.swift */; };
		C300776927D6F76200C1A852 /* ViewController.swift in Sources */ = {isa = PBXBuildFile; fileRef = C300776827D6F76200C1A852 /* ViewController.swift */; };
		C300776C27D6F76200C1A852 /* Main.storyboard in Resources */ = {isa = PBXBuildFile; fileRef = C300776A27D6F76200C1A852 /* Main.storyboard */; };
		C300776E27D6F76300C1A852 /* Assets.xcassets in Resources */ = {isa = PBXBuildFile; fileRef = C300776D27D6F76300C1A852 /* Assets.xcassets */; };
		C300777127D6F76300C1A852 /* LaunchScreen.storyboard in Resources */ = {isa = PBXBuildFile; fileRef = C300776F27D6F76300C1A852 /* LaunchScreen.storyboard */; };
		C300777C27D6F76300C1A852 /* RxCocoaBasicTests.swift in Sources */ = {isa = PBXBuildFile; fileRef = C300777B27D6F76300C1A852 /* RxCocoaBasicTests.swift */; };
		C300778627D6F76300C1A852 /* RxCocoaBasicUITests.swift in Sources */ = {isa = PBXBuildFile; fileRef = C300778527D6F76300C1A852 /* RxCocoaBasicUITests.swift */; };
		C300778827D6F76300C1A852 /* RxCocoaBasicUITestsLaunchTests.swift in Sources */ = {isa = PBXBuildFile; fileRef = C300778727D6F76300C1A852 /* RxCocoaBasicUITestsLaunchTests.swift */; };
		F4A12850CFE35954FC7AAD67 /* Pods_RxCocoaBasicTests.framework in Frameworks */ = {isa = PBXBuildFile; fileRef = E7CC0A119ECD8CDD4B82F705 /* Pods_RxCocoaBasicTests.framework */; };
/* End PBXBuildFile section */

/* Begin PBXContainerItemProxy section */
		C300777827D6F76300C1A852 /* PBXContainerItemProxy */ = {
			isa = PBXContainerItemProxy;
			containerPortal = C300775927D6F76200C1A852 /* Project object */;
			proxyType = 1;
			remoteGlobalIDString = C300776027D6F76200C1A852;
			remoteInfo = RxCocoaBasic;
		};
		C300778227D6F76300C1A852 /* PBXContainerItemProxy */ = {
			isa = PBXContainerItemProxy;
			containerPortal = C300775927D6F76200C1A852 /* Project object */;
			proxyType = 1;
			remoteGlobalIDString = C300776027D6F76200C1A852;
			remoteInfo = RxCocoaBasic;
		};
/* End PBXContainerItemProxy section */

/* Begin PBXFileReference section */
		1584992EF72DF821FEC4E08F /* Pods-RxCocoaBasic.release.xcconfig */ = {isa = PBXFileReference; includeInIndex = 1; lastKnownFileType = text.xcconfig; name = "Pods-RxCocoaBasic.release.xcconfig"; path = "Target Support Files/Pods-RxCocoaBasic/Pods-RxCocoaBasic.release.xcconfig"; sourceTree = "<group>"; };
		219C22D41A6DCBEBDE9BF976 /* Pods-RxCocoaBasic-RxCocoaBasicUITests.release.xcconfig */ = {isa = PBXFileReference; includeInIndex = 1; lastKnownFileType = text.xcconfig; name = "Pods-RxCocoaBasic-RxCocoaBasicUITests.release.xcconfig"; path = "Target Support Files/Pods-RxCocoaBasic-RxCocoaBasicUITests/Pods-RxCocoaBasic-RxCocoaBasicUITests.release.xcconfig"; sourceTree = "<group>"; };
		2F94EAD1FD28F1BDFF7F4C76 /* Pods_RxCocoaBasic_RxCocoaBasicUITests.framework */ = {isa = PBXFileReference; explicitFileType = wrapper.framework; includeInIndex = 0; path = Pods_RxCocoaBasic_RxCocoaBasicUITests.framework; sourceTree = BUILT_PRODUCTS_DIR; };
		540D4C8459B67EFA625A9B43 /* Pods-RxCocoaBasic-RxCocoaBasicUITests.debug.xcconfig */ = {isa = PBXFileReference; includeInIndex = 1; lastKnownFileType = text.xcconfig; name = "Pods-RxCocoaBasic-RxCocoaBasicUITests.debug.xcconfig"; path = "Target Support Files/Pods-RxCocoaBasic-RxCocoaBasicUITests/Pods-RxCocoaBasic-RxCocoaBasicUITests.debug.xcconfig"; sourceTree = "<group>"; };
		6C795FEAD34E4D165AB661A7 /* Pods-RxCocoaBasicTests.release.xcconfig */ = {isa = PBXFileReference; includeInIndex = 1; lastKnownFileType = text.xcconfig; name = "Pods-RxCocoaBasicTests.release.xcconfig"; path = "Target Support Files/Pods-RxCocoaBasicTests/Pods-RxCocoaBasicTests.release.xcconfig"; sourceTree = "<group>"; };
		6D6548D9DEF6038D5BFE3F4B /* Pods-RxCocoaBasicTests.debug.xcconfig */ = {isa = PBXFileReference; includeInIndex = 1; lastKnownFileType = text.xcconfig; name = "Pods-RxCocoaBasicTests.debug.xcconfig"; path = "Target Support Files/Pods-RxCocoaBasicTests/Pods-RxCocoaBasicTests.debug.xcconfig"; sourceTree = "<group>"; };
		7BB8D24A83EFB1386BA9722C /* Pods_RxCocoaBasic.framework */ = {isa = PBXFileReference; explicitFileType = wrapper.framework; includeInIndex = 0; path = Pods_RxCocoaBasic.framework; sourceTree = BUILT_PRODUCTS_DIR; };
		AF4EAD9276EB706D7F4DB173 /* Pods-RxCocoaBasic.debug.xcconfig */ = {isa = PBXFileReference; includeInIndex = 1; lastKnownFileType = text.xcconfig; name = "Pods-RxCocoaBasic.debug.xcconfig"; path = "Target Support Files/Pods-RxCocoaBasic/Pods-RxCocoaBasic.debug.xcconfig"; sourceTree = "<group>"; };
		C300776127D6F76200C1A852 /* RxCocoaBasic.app */ = {isa = PBXFileReference; explicitFileType = wrapper.application; includeInIndex = 0; path = RxCocoaBasic.app; sourceTree = BUILT_PRODUCTS_DIR; };
		C300776427D6F76200C1A852 /* AppDelegate.swift */ = {isa = PBXFileReference; lastKnownFileType = sourcecode.swift; path = AppDelegate.swift; sourceTree = "<group>"; };
		C300776627D6F76200C1A852 /* SceneDelegate.swift */ = {isa = PBXFileReference; lastKnownFileType = sourcecode.swift; path = SceneDelegate.swift; sourceTree = "<group>"; };
		C300776827D6F76200C1A852 /* ViewController.swift */ = {isa = PBXFileReference; lastKnownFileType = sourcecode.swift; path = ViewController.swift; sourceTree = "<group>"; };
		C300776B27D6F76200C1A852 /* Base */ = {isa = PBXFileReference; lastKnownFileType = file.storyboard; name = Base; path = Base.lproj/Main.storyboard; sourceTree = "<group>"; };
		C300776D27D6F76300C1A852 /* Assets.xcassets */ = {isa = PBXFileReference; lastKnownFileType = folder.assetcatalog; path = Assets.xcassets; sourceTree = "<group>"; };
		C300777027D6F76300C1A852 /* Base */ = {isa = PBXFileReference; lastKnownFileType = file.storyboard; name = Base; path = Base.lproj/LaunchScreen.storyboard; sourceTree = "<group>"; };
		C300777227D6F76300C1A852 /* Info.plist */ = {isa = PBXFileReference; lastKnownFileType = text.plist.xml; path = Info.plist; sourceTree = "<group>"; };
		C300777727D6F76300C1A852 /* RxCocoaBasicTests.xctest */ = {isa = PBXFileReference; explicitFileType = wrapper.cfbundle; includeInIndex = 0; path = RxCocoaBasicTests.xctest; sourceTree = BUILT_PRODUCTS_DIR; };
		C300777B27D6F76300C1A852 /* RxCocoaBasicTests.swift */ = {isa = PBXFileReference; lastKnownFileType = sourcecode.swift; path = RxCocoaBasicTests.swift; sourceTree = "<group>"; };
		C300778127D6F76300C1A852 /* RxCocoaBasicUITests.xctest */ = {isa = PBXFileReference; explicitFileType = wrapper.cfbundle; includeInIndex = 0; path = RxCocoaBasicUITests.xctest; sourceTree = BUILT_PRODUCTS_DIR; };
		C300778527D6F76300C1A852 /* RxCocoaBasicUITests.swift */ = {isa = PBXFileReference; lastKnownFileType = sourcecode.swift; path = RxCocoaBasicUITests.swift; sourceTree = "<group>"; };
		C300778727D6F76300C1A852 /* RxCocoaBasicUITestsLaunchTests.swift */ = {isa = PBXFileReference; lastKnownFileType = sourcecode.swift; path = RxCocoaBasicUITestsLaunchTests.swift; sourceTree = "<group>"; };
		E7CC0A119ECD8CDD4B82F705 /* Pods_RxCocoaBasicTests.framework */ = {isa = PBXFileReference; explicitFileType = wrapper.framework; includeInIndex = 0; path = Pods_RxCocoaBasicTests.framework; sourceTree = BUILT_PRODUCTS_DIR; };
/* End PBXFileReference section */

/* Begin PBXFrameworksBuildPhase section */
		C300775E27D6F76200C1A852 /* Frameworks */ = {
			isa = PBXFrameworksBuildPhase;
			buildActionMask = 2147483647;
			files = (
				6DCE2852F048C54E0F60082E /* Pods_RxCocoaBasic.framework in Frameworks */,
			);
			runOnlyForDeploymentPostprocessing = 0;
		};
		C300777427D6F76300C1A852 /* Frameworks */ = {
			isa = PBXFrameworksBuildPhase;
			buildActionMask = 2147483647;
			files = (
				F4A12850CFE35954FC7AAD67 /* Pods_RxCocoaBasicTests.framework in Frameworks */,
			);
			runOnlyForDeploymentPostprocessing = 0;
		};
		C300777E27D6F76300C1A852 /* Frameworks */ = {
			isa = PBXFrameworksBuildPhase;
			buildActionMask = 2147483647;
			files = (
				B7E899693ABC7C4361C0516B /* Pods_RxCocoaBasic_RxCocoaBasicUITests.framework in Frameworks */,
			);
			runOnlyForDeploymentPostprocessing = 0;
		};
/* End PBXFrameworksBuildPhase section */

/* Begin PBXGroup section */
		79FA868A845D11F2E64455C2 /* Frameworks */ = {
			isa = PBXGroup;
			children = (
				7BB8D24A83EFB1386BA9722C /* Pods_RxCocoaBasic.framework */,
				2F94EAD1FD28F1BDFF7F4C76 /* Pods_RxCocoaBasic_RxCocoaBasicUITests.framework */,
				E7CC0A119ECD8CDD4B82F705 /* Pods_RxCocoaBasicTests.framework */,
			);
			name = Frameworks;
			sourceTree = "<group>";
		};
		C300775827D6F76200C1A852 = {
			isa = PBXGroup;
			children = (
				C300776327D6F76200C1A852 /* RxCocoaBasic */,
				C300777A27D6F76300C1A852 /* RxCocoaBasicTests */,
				C300778427D6F76300C1A852 /* RxCocoaBasicUITests */,
				C300776227D6F76200C1A852 /* Products */,
				F6F9A2D57AF9BB9F7B6656EB /* Pods */,
				79FA868A845D11F2E64455C2 /* Frameworks */,
			);
			sourceTree = "<group>";
		};
		C300776227D6F76200C1A852 /* Products */ = {
			isa = PBXGroup;
			children = (
				C300776127D6F76200C1A852 /* RxCocoaBasic.app */,
				C300777727D6F76300C1A852 /* RxCocoaBasicTests.xctest */,
				C300778127D6F76300C1A852 /* RxCocoaBasicUITests.xctest */,
			);
			name = Products;
			sourceTree = "<group>";
		};
		C300776327D6F76200C1A852 /* RxCocoaBasic */ = {
			isa = PBXGroup;
			children = (
				C300776427D6F76200C1A852 /* AppDelegate.swift */,
				C300776627D6F76200C1A852 /* SceneDelegate.swift */,
				C300776827D6F76200C1A852 /* ViewController.swift */,
				C300776A27D6F76200C1A852 /* Main.storyboard */,
				C300776D27D6F76300C1A852 /* Assets.xcassets */,
				C300776F27D6F76300C1A852 /* LaunchScreen.storyboard */,
				C300777227D6F76300C1A852 /* Info.plist */,
			);
			path = RxCocoaBasic;
			sourceTree = "<group>";
		};
		C300777A27D6F76300C1A852 /* RxCocoaBasicTests */ = {
			isa = PBXGroup;
			children = (
				C300777B27D6F76300C1A852 /* RxCocoaBasicTests.swift */,
			);
			path = RxCocoaBasicTests;
			sourceTree = "<group>";
		};
		C300778427D6F76300C1A852 /* RxCocoaBasicUITests */ = {
			isa = PBXGroup;
			children = (
				C300778527D6F76300C1A852 /* RxCocoaBasicUITests.swift */,
				C300778727D6F76300C1A852 /* RxCocoaBasicUITestsLaunchTests.swift */,
			);
			path = RxCocoaBasicUITests;
			sourceTree = "<group>";
		};
		F6F9A2D57AF9BB9F7B6656EB /* Pods */ = {
			isa = PBXGroup;
			children = (
				AF4EAD9276EB706D7F4DB173 /* Pods-RxCocoaBasic.debug.xcconfig */,
				1584992EF72DF821FEC4E08F /* Pods-RxCocoaBasic.release.xcconfig */,
				540D4C8459B67EFA625A9B43 /* Pods-RxCocoaBasic-RxCocoaBasicUITests.debug.xcconfig */,
				219C22D41A6DCBEBDE9BF976 /* Pods-RxCocoaBasic-RxCocoaBasicUITests.release.xcconfig */,
				6D6548D9DEF6038D5BFE3F4B /* Pods-RxCocoaBasicTests.debug.xcconfig */,
				6C795FEAD34E4D165AB661A7 /* Pods-RxCocoaBasicTests.release.xcconfig */,
			);
			name = Pods;
			path = Pods;
			sourceTree = "<group>";
		};
/* End PBXGroup section */

/* Begin PBXNativeTarget section */
		C300776027D6F76200C1A852 /* RxCocoaBasic */ = {
			isa = PBXNativeTarget;
			buildConfigurationList = C300778B27D6F76300C1A852 /* Build configuration list for PBXNativeTarget "RxCocoaBasic" */;
			buildPhases = (
				DB95F2500C4E9FE80556DE92 /* [CP] Check Pods Manifest.lock */,
				C300775D27D6F76200C1A852 /* Sources */,
				C300775E27D6F76200C1A852 /* Frameworks */,
				C300775F27D6F76200C1A852 /* Resources */,
				24EC21F15E9AEBE2FE773883 /* [CP] Embed Pods Frameworks */,
			);
			buildRules = (
			);
			dependencies = (
			);
			name = RxCocoaBasic;
			productName = RxCocoaBasic;
			productReference = C300776127D6F76200C1A852 /* RxCocoaBasic.app */;
			productType = "com.apple.product-type.application";
		};
		C300777627D6F76300C1A852 /* RxCocoaBasicTests */ = {
			isa = PBXNativeTarget;
			buildConfigurationList = C300778E27D6F76300C1A852 /* Build configuration list for PBXNativeTarget "RxCocoaBasicTests" */;
			buildPhases = (
				9C0637D425BAB6E8E06C2788 /* [CP] Check Pods Manifest.lock */,
				C300777327D6F76300C1A852 /* Sources */,
				C300777427D6F76300C1A852 /* Frameworks */,
				C300777527D6F76300C1A852 /* Resources */,
			);
			buildRules = (
			);
			dependencies = (
				C300777927D6F76300C1A852 /* PBXTargetDependency */,
			);
			name = RxCocoaBasicTests;
			productName = RxCocoaBasicTests;
			productReference = C300777727D6F76300C1A852 /* RxCocoaBasicTests.xctest */;
			productType = "com.apple.product-type.bundle.unit-test";
		};
		C300778027D6F76300C1A852 /* RxCocoaBasicUITests */ = {
			isa = PBXNativeTarget;
			buildConfigurationList = C300779127D6F76300C1A852 /* Build configuration list for PBXNativeTarget "RxCocoaBasicUITests" */;
			buildPhases = (
				7104214BBFADBDDF15F4F017 /* [CP] Check Pods Manifest.lock */,
				C300777D27D6F76300C1A852 /* Sources */,
				C300777E27D6F76300C1A852 /* Frameworks */,
				C300777F27D6F76300C1A852 /* Resources */,
				F2873E93BCAB9C632BA39E96 /* [CP] Embed Pods Frameworks */,
			);
			buildRules = (
			);
			dependencies = (
				C300778327D6F76300C1A852 /* PBXTargetDependency */,
			);
			name = RxCocoaBasicUITests;
			productName = RxCocoaBasicUITests;
			productReference = C300778127D6F76300C1A852 /* RxCocoaBasicUITests.xctest */;
			productType = "com.apple.product-type.bundle.ui-testing";
		};
/* End PBXNativeTarget section */

/* Begin PBXProject section */
		C300775927D6F76200C1A852 /* Project object */ = {
			isa = PBXProject;
			attributes = {
				BuildIndependentTargetsInParallel = 1;
				LastSwiftUpdateCheck = 1320;
				LastUpgradeCheck = 1320;
				TargetAttributes = {
					C300776027D6F76200C1A852 = {
						CreatedOnToolsVersion = 13.2.1;
					};
					C300777627D6F76300C1A852 = {
						CreatedOnToolsVersion = 13.2.1;
						TestTargetID = C300776027D6F76200C1A852;
					};
					C300778027D6F76300C1A852 = {
						CreatedOnToolsVersion = 13.2.1;
						TestTargetID = C300776027D6F76200C1A852;
					};
				};
			};
			buildConfigurationList = C300775C27D6F76200C1A852 /* Build configuration list for PBXProject "RxCocoaBasic" */;
			compatibilityVersion = "Xcode 13.0";
			developmentRegion = en;
			hasScannedForEncodings = 0;
			knownRegions = (
				en,
				Base,
			);
			mainGroup = C300775827D6F76200C1A852;
			productRefGroup = C300776227D6F76200C1A852 /* Products */;
			projectDirPath = "";
			projectRoot = "";
			targets = (
				C300776027D6F76200C1A852 /* RxCocoaBasic */,
				C300777627D6F76300C1A852 /* RxCocoaBasicTests */,
				C300778027D6F76300C1A852 /* RxCocoaBasicUITests */,
			);
		};
/* End PBXProject section */

/* Begin PBXResourcesBuildPhase section */
		C300775F27D6F76200C1A852 /* Resources */ = {
			isa = PBXResourcesBuildPhase;
			buildActionMask = 2147483647;
			files = (
				C300777127D6F76300C1A852 /* LaunchScreen.storyboard in Resources */,
				C300776E27D6F76300C1A852 /* Assets.xcassets in Resources */,
				C300776C27D6F76200C1A852 /* Main.storyboard in Resources */,
			);
			runOnlyForDeploymentPostprocessing = 0;
		};
		C300777527D6F76300C1A852 /* Resources */ = {
			isa = PBXResourcesBuildPhase;
			buildActionMask = 2147483647;
			files = (
			);
			runOnlyForDeploymentPostprocessing = 0;
		};
		C300777F27D6F76300C1A852 /* Resources */ = {
			isa = PBXResourcesBuildPhase;
			buildActionMask = 2147483647;
			files = (
			);
			runOnlyForDeploymentPostprocessing = 0;
		};
/* End PBXResourcesBuildPhase section */

/* Begin PBXShellScriptBuildPhase section */
		24EC21F15E9AEBE2FE773883 /* [CP] Embed Pods Frameworks */ = {
			isa = PBXShellScriptBuildPhase;
			buildActionMask = 2147483647;
			files = (
			);
			inputFileListPaths = (
				"${PODS_ROOT}/Target Support Files/Pods-RxCocoaBasic/Pods-RxCocoaBasic-frameworks-${CONFIGURATION}-input-files.xcfilelist",
			);
			name = "[CP] Embed Pods Frameworks";
			outputFileListPaths = (
				"${PODS_ROOT}/Target Support Files/Pods-RxCocoaBasic/Pods-RxCocoaBasic-frameworks-${CONFIGURATION}-output-files.xcfilelist",
			);
			runOnlyForDeploymentPostprocessing = 0;
			shellPath = /bin/sh;
			shellScript = "\"${PODS_ROOT}/Target Support Files/Pods-RxCocoaBasic/Pods-RxCocoaBasic-frameworks.sh\"\n";
			showEnvVarsInLog = 0;
		};
		7104214BBFADBDDF15F4F017 /* [CP] Check Pods Manifest.lock */ = {
			isa = PBXShellScriptBuildPhase;
			buildActionMask = 2147483647;
			files = (
			);
			inputFileListPaths = (
			);
			inputPaths = (
				"${PODS_PODFILE_DIR_PATH}/Podfile.lock",
				"${PODS_ROOT}/Manifest.lock",
			);
			name = "[CP] Check Pods Manifest.lock";
			outputFileListPaths = (
			);
			outputPaths = (
				"$(DERIVED_FILE_DIR)/Pods-RxCocoaBasic-RxCocoaBasicUITests-checkManifestLockResult.txt",
			);
			runOnlyForDeploymentPostprocessing = 0;
			shellPath = /bin/sh;
			shellScript = "diff \"${PODS_PODFILE_DIR_PATH}/Podfile.lock\" \"${PODS_ROOT}/Manifest.lock\" > /dev/null\nif [ $? != 0 ] ; then\n    # print error to STDERR\n    echo \"error: The sandbox is not in sync with the Podfile.lock. Run 'pod install' or update your CocoaPods installation.\" >&2\n    exit 1\nfi\n# This output is used by Xcode 'outputs' to avoid re-running this script phase.\necho \"SUCCESS\" > \"${SCRIPT_OUTPUT_FILE_0}\"\n";
			showEnvVarsInLog = 0;
		};
		9C0637D425BAB6E8E06C2788 /* [CP] Check Pods Manifest.lock */ = {
			isa = PBXShellScriptBuildPhase;
			buildActionMask = 2147483647;
			files = (
			);
			inputFileListPaths = (
			);
			inputPaths = (
				"${PODS_PODFILE_DIR_PATH}/Podfile.lock",
				"${PODS_ROOT}/Manifest.lock",
			);
			name = "[CP] Check Pods Manifest.lock";
			outputFileListPaths = (
			);
			outputPaths = (
				"$(DERIVED_FILE_DIR)/Pods-RxCocoaBasicTests-checkManifestLockResult.txt",
			);
			runOnlyForDeploymentPostprocessing = 0;
			shellPath = /bin/sh;
			shellScript = "diff \"${PODS_PODFILE_DIR_PATH}/Podfile.lock\" \"${PODS_ROOT}/Manifest.lock\" > /dev/null\nif [ $? != 0 ] ; then\n    # print error to STDERR\n    echo \"error: The sandbox is not in sync with the Podfile.lock. Run 'pod install' or update your CocoaPods installation.\" >&2\n    exit 1\nfi\n# This output is used by Xcode 'outputs' to avoid re-running this script phase.\necho \"SUCCESS\" > \"${SCRIPT_OUTPUT_FILE_0}\"\n";
			showEnvVarsInLog = 0;
		};
		DB95F2500C4E9FE80556DE92 /* [CP] Check Pods Manifest.lock */ = {
			isa = PBXShellScriptBuildPhase;
			buildActionMask = 2147483647;
			files = (
			);
			inputFileListPaths = (
			);
			inputPaths = (
				"${PODS_PODFILE_DIR_PATH}/Podfile.lock",
				"${PODS_ROOT}/Manifest.lock",
			);
			name = "[CP] Check Pods Manifest.lock";
			outputFileListPaths = (
			);
			outputPaths = (
				"$(DERIVED_FILE_DIR)/Pods-RxCocoaBasic-checkManifestLockResult.txt",
			);
			runOnlyForDeploymentPostprocessing = 0;
			shellPath = /bin/sh;
			shellScript = "diff \"${PODS_PODFILE_DIR_PATH}/Podfile.lock\" \"${PODS_ROOT}/Manifest.lock\" > /dev/null\nif [ $? != 0 ] ; then\n    # print error to STDERR\n    echo \"error: The sandbox is not in sync with the Podfile.lock. Run 'pod install' or update your CocoaPods installation.\" >&2\n    exit 1\nfi\n# This output is used by Xcode 'outputs' to avoid re-running this script phase.\necho \"SUCCESS\" > \"${SCRIPT_OUTPUT_FILE_0}\"\n";
			showEnvVarsInLog = 0;
		};
		F2873E93BCAB9C632BA39E96 /* [CP] Embed Pods Frameworks */ = {
			isa = PBXShellScriptBuildPhase;
			buildActionMask = 2147483647;
			files = (
			);
			inputFileListPaths = (
				"${PODS_ROOT}/Target Support Files/Pods-RxCocoaBasic-RxCocoaBasicUITests/Pods-RxCocoaBasic-RxCocoaBasicUITests-frameworks-${CONFIGURATION}-input-files.xcfilelist",
			);
			name = "[CP] Embed Pods Frameworks";
			outputFileListPaths = (
				"${PODS_ROOT}/Target Support Files/Pods-RxCocoaBasic-RxCocoaBasicUITests/Pods-RxCocoaBasic-RxCocoaBasicUITests-frameworks-${CONFIGURATION}-output-files.xcfilelist",
			);
			runOnlyForDeploymentPostprocessing = 0;
			shellPath = /bin/sh;
			shellScript = "\"${PODS_ROOT}/Target Support Files/Pods-RxCocoaBasic-RxCocoaBasicUITests/Pods-RxCocoaBasic-RxCocoaBasicUITests-frameworks.sh\"\n";
			showEnvVarsInLog = 0;
		};
/* End PBXShellScriptBuildPhase section */

/* Begin PBXSourcesBuildPhase section */
		C300775D27D6F76200C1A852 /* Sources */ = {
			isa = PBXSourcesBuildPhase;
			buildActionMask = 2147483647;
			files = (
				C300776927D6F76200C1A852 /* ViewController.swift in Sources */,
				C300776527D6F76200C1A852 /* AppDelegate.swift in Sources */,
				C300776727D6F76200C1A852 /* SceneDelegate.swift in Sources */,
			);
			runOnlyForDeploymentPostprocessing = 0;
		};
		C300777327D6F76300C1A852 /* Sources */ = {
			isa = PBXSourcesBuildPhase;
			buildActionMask = 2147483647;
			files = (
				C300777C27D6F76300C1A852 /* RxCocoaBasicTests.swift in Sources */,
			);
			runOnlyForDeploymentPostprocessing = 0;
		};
		C300777D27D6F76300C1A852 /* Sources */ = {
			isa = PBXSourcesBuildPhase;
			buildActionMask = 2147483647;
			files = (
				C300778627D6F76300C1A852 /* RxCocoaBasicUITests.swift in Sources */,
				C300778827D6F76300C1A852 /* RxCocoaBasicUITestsLaunchTests.swift in Sources */,
			);
			runOnlyForDeploymentPostprocessing = 0;
		};
/* End PBXSourcesBuildPhase section */

/* Begin PBXTargetDependency section */
		C300777927D6F76300C1A852 /* PBXTargetDependency */ = {
			isa = PBXTargetDependency;
			target = C300776027D6F76200C1A852 /* RxCocoaBasic */;
			targetProxy = C300777827D6F76300C1A852 /* PBXContainerItemProxy */;
		};
		C300778327D6F76300C1A852 /* PBXTargetDependency */ = {
			isa = PBXTargetDependency;
			target = C300776027D6F76200C1A852 /* RxCocoaBasic */;
			targetProxy = C300778227D6F76300C1A852 /* PBXContainerItemProxy */;
		};
/* End PBXTargetDependency section */

/* Begin PBXVariantGroup section */
		C300776A27D6F76200C1A852 /* Main.storyboard */ = {
			isa = PBXVariantGroup;
			children = (
				C300776B27D6F76200C1A852 /* Base */,
			);
			name = Main.storyboard;
			sourceTree = "<group>";
		};
		C300776F27D6F76300C1A852 /* LaunchScreen.storyboard */ = {
			isa = PBXVariantGroup;
			children = (
				C300777027D6F76300C1A852 /* Base */,
			);
			name = LaunchScreen.storyboard;
			sourceTree = "<group>";
		};
/* End PBXVariantGroup section */

/* Begin XCBuildConfiguration section */
		C300778927D6F76300C1A852 /* Debug */ = {
			isa = XCBuildConfiguration;
			buildSettings = {
				ALWAYS_SEARCH_USER_PATHS = NO;
				CLANG_ANALYZER_NONNULL = YES;
				CLANG_ANALYZER_NUMBER_OBJECT_CONVERSION = YES_AGGRESSIVE;
				CLANG_CXX_LANGUAGE_STANDARD = "gnu++17";
				CLANG_CXX_LIBRARY = "libc++";
				CLANG_ENABLE_MODULES = YES;
				CLANG_ENABLE_OBJC_ARC = YES;
				CLANG_ENABLE_OBJC_WEAK = YES;
				CLANG_WARN_BLOCK_CAPTURE_AUTORELEASING = YES;
				CLANG_WARN_BOOL_CONVERSION = YES;
				CLANG_WARN_COMMA = YES;
				CLANG_WARN_CONSTANT_CONVERSION = YES;
				CLANG_WARN_DEPRECATED_OBJC_IMPLEMENTATIONS = YES;
				CLANG_WARN_DIRECT_OBJC_ISA_USAGE = YES_ERROR;
				CLANG_WARN_DOCUMENTATION_COMMENTS = YES;
				CLANG_WARN_EMPTY_BODY = YES;
				CLANG_WARN_ENUM_CONVERSION = YES;
				CLANG_WARN_INFINITE_RECURSION = YES;
				CLANG_WARN_INT_CONVERSION = YES;
				CLANG_WARN_NON_LITERAL_NULL_CONVERSION = YES;
				CLANG_WARN_OBJC_IMPLICIT_RETAIN_SELF = YES;
				CLANG_WARN_OBJC_LITERAL_CONVERSION = YES;
				CLANG_WARN_OBJC_ROOT_CLASS = YES_ERROR;
				CLANG_WARN_QUOTED_INCLUDE_IN_FRAMEWORK_HEADER = YES;
				CLANG_WARN_RANGE_LOOP_ANALYSIS = YES;
				CLANG_WARN_STRICT_PROTOTYPES = YES;
				CLANG_WARN_SUSPICIOUS_MOVE = YES;
				CLANG_WARN_UNGUARDED_AVAILABILITY = YES_AGGRESSIVE;
				CLANG_WARN_UNREACHABLE_CODE = YES;
				CLANG_WARN__DUPLICATE_METHOD_MATCH = YES;
				COPY_PHASE_STRIP = NO;
				DEBUG_INFORMATION_FORMAT = dwarf;
				ENABLE_STRICT_OBJC_MSGSEND = YES;
				ENABLE_TESTABILITY = YES;
				GCC_C_LANGUAGE_STANDARD = gnu11;
				GCC_DYNAMIC_NO_PIC = NO;
				GCC_NO_COMMON_BLOCKS = YES;
				GCC_OPTIMIZATION_LEVEL = 0;
				GCC_PREPROCESSOR_DEFINITIONS = (
					"DEBUG=1",
					"$(inherited)",
				);
				GCC_WARN_64_TO_32_BIT_CONVERSION = YES;
				GCC_WARN_ABOUT_RETURN_TYPE = YES_ERROR;
				GCC_WARN_UNDECLARED_SELECTOR = YES;
				GCC_WARN_UNINITIALIZED_AUTOS = YES_AGGRESSIVE;
				GCC_WARN_UNUSED_FUNCTION = YES;
				GCC_WARN_UNUSED_VARIABLE = YES;
				IPHONEOS_DEPLOYMENT_TARGET = 15.2;
				MTL_ENABLE_DEBUG_INFO = INCLUDE_SOURCE;
				MTL_FAST_MATH = YES;
				ONLY_ACTIVE_ARCH = YES;
				SDKROOT = iphoneos;
				SWIFT_ACTIVE_COMPILATION_CONDITIONS = DEBUG;
				SWIFT_OPTIMIZATION_LEVEL = "-Onone";
			};
			name = Debug;
		};
		C300778A27D6F76300C1A852 /* Release */ = {
			isa = XCBuildConfiguration;
			buildSettings = {
				ALWAYS_SEARCH_USER_PATHS = NO;
				CLANG_ANALYZER_NONNULL = YES;
				CLANG_ANALYZER_NUMBER_OBJECT_CONVERSION = YES_AGGRESSIVE;
				CLANG_CXX_LANGUAGE_STANDARD = "gnu++17";
				CLANG_CXX_LIBRARY = "libc++";
				CLANG_ENABLE_MODULES = YES;
				CLANG_ENABLE_OBJC_ARC = YES;
				CLANG_ENABLE_OBJC_WEAK = YES;
				CLANG_WARN_BLOCK_CAPTURE_AUTORELEASING = YES;
				CLANG_WARN_BOOL_CONVERSION = YES;
				CLANG_WARN_COMMA = YES;
				CLANG_WARN_CONSTANT_CONVERSION = YES;
				CLANG_WARN_DEPRECATED_OBJC_IMPLEMENTATIONS = YES;
				CLANG_WARN_DIRECT_OBJC_ISA_USAGE = YES_ERROR;
				CLANG_WARN_DOCUMENTATION_COMMENTS = YES;
				CLANG_WARN_EMPTY_BODY = YES;
				CLANG_WARN_ENUM_CONVERSION = YES;
				CLANG_WARN_INFINITE_RECURSION = YES;
				CLANG_WARN_INT_CONVERSION = YES;
				CLANG_WARN_NON_LITERAL_NULL_CONVERSION = YES;
				CLANG_WARN_OBJC_IMPLICIT_RETAIN_SELF = YES;
				CLANG_WARN_OBJC_LITERAL_CONVERSION = YES;
				CLANG_WARN_OBJC_ROOT_CLASS = YES_ERROR;
				CLANG_WARN_QUOTED_INCLUDE_IN_FRAMEWORK_HEADER = YES;
				CLANG_WARN_RANGE_LOOP_ANALYSIS = YES;
				CLANG_WARN_STRICT_PROTOTYPES = YES;
				CLANG_WARN_SUSPICIOUS_MOVE = YES;
				CLANG_WARN_UNGUARDED_AVAILABILITY = YES_AGGRESSIVE;
				CLANG_WARN_UNREACHABLE_CODE = YES;
				CLANG_WARN__DUPLICATE_METHOD_MATCH = YES;
				COPY_PHASE_STRIP = NO;
				DEBUG_INFORMATION_FORMAT = "dwarf-with-dsym";
				ENABLE_NS_ASSERTIONS = NO;
				ENABLE_STRICT_OBJC_MSGSEND = YES;
				GCC_C_LANGUAGE_STANDARD = gnu11;
				GCC_NO_COMMON_BLOCKS = YES;
				GCC_WARN_64_TO_32_BIT_CONVERSION = YES;
				GCC_WARN_ABOUT_RETURN_TYPE = YES_ERROR;
				GCC_WARN_UNDECLARED_SELECTOR = YES;
				GCC_WARN_UNINITIALIZED_AUTOS = YES_AGGRESSIVE;
				GCC_WARN_UNUSED_FUNCTION = YES;
				GCC_WARN_UNUSED_VARIABLE = YES;
				IPHONEOS_DEPLOYMENT_TARGET = 15.2;
				MTL_ENABLE_DEBUG_INFO = NO;
				MTL_FAST_MATH = YES;
				SDKROOT = iphoneos;
				SWIFT_COMPILATION_MODE = wholemodule;
				SWIFT_OPTIMIZATION_LEVEL = "-O";
				VALIDATE_PRODUCT = YES;
			};
			name = Release;
		};
		C300778C27D6F76300C1A852 /* Debug */ = {
			isa = XCBuildConfiguration;
			baseConfigurationReference = AF4EAD9276EB706D7F4DB173 /* Pods-RxCocoaBasic.debug.xcconfig */;
			buildSettings = {
				ASSETCATALOG_COMPILER_APPICON_NAME = AppIcon;
				ASSETCATALOG_COMPILER_GLOBAL_ACCENT_COLOR_NAME = AccentColor;
				CODE_SIGN_STYLE = Automatic;
				CURRENT_PROJECT_VERSION = 1;
				DEVELOPMENT_TEAM = D6RBSQ9WD6;
				GENERATE_INFOPLIST_FILE = YES;
				INFOPLIST_FILE = RxCocoaBasic/Info.plist;
				INFOPLIST_KEY_UIApplicationSupportsIndirectInputEvents = YES;
				INFOPLIST_KEY_UILaunchStoryboardName = LaunchScreen;
				INFOPLIST_KEY_UIMainStoryboardFile = Main;
				INFOPLIST_KEY_UISupportedInterfaceOrientations_iPad = "UIInterfaceOrientationPortrait UIInterfaceOrientationPortraitUpsideDown UIInterfaceOrientationLandscapeLeft UIInterfaceOrientationLandscapeRight";
				INFOPLIST_KEY_UISupportedInterfaceOrientations_iPhone = "UIInterfaceOrientationPortrait UIInterfaceOrientationLandscapeLeft UIInterfaceOrientationLandscapeRight";
				LD_RUNPATH_SEARCH_PATHS = (
					"$(inherited)",
					"@executable_path/Frameworks",
				);
				MARKETING_VERSION = 1.0;
				PRODUCT_BUNDLE_IDENTIFIER = hyeon.RxCocoaBasic;
				PRODUCT_NAME = "$(TARGET_NAME)";
				SWIFT_EMIT_LOC_STRINGS = YES;
				SWIFT_VERSION = 5.0;
				TARGETED_DEVICE_FAMILY = "1,2";
			};
			name = Debug;
		};
		C300778D27D6F76300C1A852 /* Release */ = {
			isa = XCBuildConfiguration;
			baseConfigurationReference = 1584992EF72DF821FEC4E08F /* Pods-RxCocoaBasic.release.xcconfig */;
			buildSettings = {
				ASSETCATALOG_COMPILER_APPICON_NAME = AppIcon;
				ASSETCATALOG_COMPILER_GLOBAL_ACCENT_COLOR_NAME = AccentColor;
				CODE_SIGN_STYLE = Automatic;
				CURRENT_PROJECT_VERSION = 1;
				DEVELOPMENT_TEAM = D6RBSQ9WD6;
				GENERATE_INFOPLIST_FILE = YES;
				INFOPLIST_FILE = RxCocoaBasic/Info.plist;
				INFOPLIST_KEY_UIApplicationSupportsIndirectInputEvents = YES;
				INFOPLIST_KEY_UILaunchStoryboardName = LaunchScreen;
				INFOPLIST_KEY_UIMainStoryboardFile = Main;
				INFOPLIST_KEY_UISupportedInterfaceOrientations_iPad = "UIInterfaceOrientationPortrait UIInterfaceOrientationPortraitUpsideDown UIInterfaceOrientationLandscapeLeft UIInterfaceOrientationLandscapeRight";
				INFOPLIST_KEY_UISupportedInterfaceOrientations_iPhone = "UIInterfaceOrientationPortrait UIInterfaceOrientationLandscapeLeft UIInterfaceOrientationLandscapeRight";
				LD_RUNPATH_SEARCH_PATHS = (
					"$(inherited)",
					"@executable_path/Frameworks",
				);
				MARKETING_VERSION = 1.0;
				PRODUCT_BUNDLE_IDENTIFIER = hyeon.RxCocoaBasic;
				PRODUCT_NAME = "$(TARGET_NAME)";
				SWIFT_EMIT_LOC_STRINGS = YES;
				SWIFT_VERSION = 5.0;
				TARGETED_DEVICE_FAMILY = "1,2";
			};
			name = Release;
		};
		C300778F27D6F76300C1A852 /* Debug */ = {
			isa = XCBuildConfiguration;
			baseConfigurationReference = 6D6548D9DEF6038D5BFE3F4B /* Pods-RxCocoaBasicTests.debug.xcconfig */;
			buildSettings = {
				ALWAYS_EMBED_SWIFT_STANDARD_LIBRARIES = YES;
				BUNDLE_LOADER = "$(TEST_HOST)";
				CODE_SIGN_STYLE = Automatic;
				CURRENT_PROJECT_VERSION = 1;
				DEVELOPMENT_TEAM = D6RBSQ9WD6;
				GENERATE_INFOPLIST_FILE = YES;
				IPHONEOS_DEPLOYMENT_TARGET = 15.2;
				MARKETING_VERSION = 1.0;
				PRODUCT_BUNDLE_IDENTIFIER = hyeon.RxCocoaBasicTests;
				PRODUCT_NAME = "$(TARGET_NAME)";
				SWIFT_EMIT_LOC_STRINGS = NO;
				SWIFT_VERSION = 5.0;
				TARGETED_DEVICE_FAMILY = "1,2";
				TEST_HOST = "$(BUILT_PRODUCTS_DIR)/RxCocoaBasic.app/RxCocoaBasic";
			};
			name = Debug;
		};
		C300779027D6F76300C1A852 /* Release */ = {
			isa = XCBuildConfiguration;
			baseConfigurationReference = 6C795FEAD34E4D165AB661A7 /* Pods-RxCocoaBasicTests.release.xcconfig */;
			buildSettings = {
				ALWAYS_EMBED_SWIFT_STANDARD_LIBRARIES = YES;
				BUNDLE_LOADER = "$(TEST_HOST)";
				CODE_SIGN_STYLE = Automatic;
				CURRENT_PROJECT_VERSION = 1;
				DEVELOPMENT_TEAM = D6RBSQ9WD6;
				GENERATE_INFOPLIST_FILE = YES;
				IPHONEOS_DEPLOYMENT_TARGET = 15.2;
				MARKETING_VERSION = 1.0;
				PRODUCT_BUNDLE_IDENTIFIER = hyeon.RxCocoaBasicTests;
				PRODUCT_NAME = "$(TARGET_NAME)";
				SWIFT_EMIT_LOC_STRINGS = NO;
				SWIFT_VERSION = 5.0;
				TARGETED_DEVICE_FAMILY = "1,2";
				TEST_HOST = "$(BUILT_PRODUCTS_DIR)/RxCocoaBasic.app/RxCocoaBasic";
			};
			name = Release;
		};
		C300779227D6F76300C1A852 /* Debug */ = {
			isa = XCBuildConfiguration;
			baseConfigurationReference = 540D4C8459B67EFA625A9B43 /* Pods-RxCocoaBasic-RxCocoaBasicUITests.debug.xcconfig */;
			buildSettings = {
				ALWAYS_EMBED_SWIFT_STANDARD_LIBRARIES = YES;
				CODE_SIGN_STYLE = Automatic;
				CURRENT_PROJECT_VERSION = 1;
				DEVELOPMENT_TEAM = D6RBSQ9WD6;
				GENERATE_INFOPLIST_FILE = YES;
				MARKETING_VERSION = 1.0;
				PRODUCT_BUNDLE_IDENTIFIER = hyeon.RxCocoaBasicUITests;
				PRODUCT_NAME = "$(TARGET_NAME)";
				SWIFT_EMIT_LOC_STRINGS = NO;
				SWIFT_VERSION = 5.0;
				TARGETED_DEVICE_FAMILY = "1,2";
				TEST_TARGET_NAME = RxCocoaBasic;
			};
			name = Debug;
		};
		C300779327D6F76300C1A852 /* Release */ = {
			isa = XCBuildConfiguration;
			baseConfigurationReference = 219C22D41A6DCBEBDE9BF976 /* Pods-RxCocoaBasic-RxCocoaBasicUITests.release.xcconfig */;
			buildSettings = {
				ALWAYS_EMBED_SWIFT_STANDARD_LIBRARIES = YES;
				CODE_SIGN_STYLE = Automatic;
				CURRENT_PROJECT_VERSION = 1;
				DEVELOPMENT_TEAM = D6RBSQ9WD6;
				GENERATE_INFOPLIST_FILE = YES;
				MARKETING_VERSION = 1.0;
				PRODUCT_BUNDLE_IDENTIFIER = hyeon.RxCocoaBasicUITests;
				PRODUCT_NAME = "$(TARGET_NAME)";
				SWIFT_EMIT_LOC_STRINGS = NO;
				SWIFT_VERSION = 5.0;
				TARGETED_DEVICE_FAMILY = "1,2";
				TEST_TARGET_NAME = RxCocoaBasic;
			};
			name = Release;
		};
/* End XCBuildConfiguration section */

/* Begin XCConfigurationList section */
		C300775C27D6F76200C1A852 /* Build configuration list for PBXProject "RxCocoaBasic" */ = {
			isa = XCConfigurationList;
			buildConfigurations = (
				C300778927D6F76300C1A852 /* Debug */,
				C300778A27D6F76300C1A852 /* Release */,
			);
			defaultConfigurationIsVisible = 0;
			defaultConfigurationName = Release;
		};
		C300778B27D6F76300C1A852 /* Build configuration list for PBXNativeTarget "RxCocoaBasic" */ = {
			isa = XCConfigurationList;
			buildConfigurations = (
				C300778C27D6F76300C1A852 /* Debug */,
				C300778D27D6F76300C1A852 /* Release */,
			);
			defaultConfigurationIsVisible = 0;
			defaultConfigurationName = Release;
		};
		C300778E27D6F76300C1A852 /* Build configuration list for PBXNativeTarget "RxCocoaBasicTests" */ = {
			isa = XCConfigurationList;
			buildConfigurations = (
				C300778F27D6F76300C1A852 /* Debug */,
				C300779027D6F76300C1A852 /* Release */,
			);
			defaultConfigurationIsVisible = 0;
			defaultConfigurationName = Release;
		};
		C300779127D6F76300C1A852 /* Build configuration list for PBXNativeTarget "RxCocoaBasicUITests" */ = {
			isa = XCConfigurationList;
			buildConfigurations = (
				C300779227D6F76300C1A852 /* Debug */,
				C300779327D6F76300C1A852 /* Release */,
			);
			defaultConfigurationIsVisible = 0;
			defaultConfigurationName = Release;
		};
/* End XCConfigurationList section */
	};
	rootObject = C300775927D6F76200C1A852 /* Project object */;
}
