// !$*UTF8*$!
{
	archiveVersion = 1;
	classes = {
	};
	objectVersion = 55;
	objects = {

/* Begin PBXBuildFile section */
		A7B442357BADBBEF56C6CF69 /* Pods_SMSPushExample.framework in Frameworks */ = {isa = PBXBuildFile; fileRef = A786B650B773DC41D91F6919 /* Pods_SMSPushExample.framework */; };
		C3A9750127E180E9000A5795 /* AppDelegate.swift in Sources */ = {isa = PBXBuildFile; fileRef = C3A9750027E180E9000A5795 /* AppDelegate.swift */; };
		C3A9750327E180E9000A5795 /* SceneDelegate.swift in Sources */ = {isa = PBXBuildFile; fileRef = C3A9750227E180E9000A5795 /* SceneDelegate.swift */; };
		C3A9750527E180E9000A5795 /* ViewController.swift in Sources */ = {isa = PBXBuildFile; fileRef = C3A9750427E180E9000A5795 /* ViewController.swift */; };
		C3A9750827E180E9000A5795 /* Main.storyboard in Resources */ = {isa = PBXBuildFile; fileRef = C3A9750627E180E9000A5795 /* Main.storyboard */; };
		C3A9750A27E180E9000A5795 /* Assets.xcassets in Resources */ = {isa = PBXBuildFile; fileRef = C3A9750927E180E9000A5795 /* Assets.xcassets */; };
		C3A9750D27E180E9000A5795 /* LaunchScreen.storyboard in Resources */ = {isa = PBXBuildFile; fileRef = C3A9750B27E180E9000A5795 /* LaunchScreen.storyboard */; };
		C3A9751527E18229000A5795 /* GoogleService-Info.plist in Resources */ = {isa = PBXBuildFile; fileRef = C3A9751427E18229000A5795 /* GoogleService-Info.plist */; };
/* End PBXBuildFile section */

/* Begin PBXFileReference section */
		5F11BB25909E86B261EE355A /* Pods-SMSPushExample.release.xcconfig */ = {isa = PBXFileReference; includeInIndex = 1; lastKnownFileType = text.xcconfig; name = "Pods-SMSPushExample.release.xcconfig"; path = "Target Support Files/Pods-SMSPushExample/Pods-SMSPushExample.release.xcconfig"; sourceTree = "<group>"; };
		7B6612F7118CE956E4E04491 /* Pods-SMSPushExample.debug.xcconfig */ = {isa = PBXFileReference; includeInIndex = 1; lastKnownFileType = text.xcconfig; name = "Pods-SMSPushExample.debug.xcconfig"; path = "Target Support Files/Pods-SMSPushExample/Pods-SMSPushExample.debug.xcconfig"; sourceTree = "<group>"; };
		A786B650B773DC41D91F6919 /* Pods_SMSPushExample.framework */ = {isa = PBXFileReference; explicitFileType = wrapper.framework; includeInIndex = 0; path = Pods_SMSPushExample.framework; sourceTree = BUILT_PRODUCTS_DIR; };
		C3A974FD27E180E9000A5795 /* SMSPushExample.app */ = {isa = PBXFileReference; explicitFileType = wrapper.application; includeInIndex = 0; path = SMSPushExample.app; sourceTree = BUILT_PRODUCTS_DIR; };
		C3A9750027E180E9000A5795 /* AppDelegate.swift */ = {isa = PBXFileReference; lastKnownFileType = sourcecode.swift; path = AppDelegate.swift; sourceTree = "<group>"; };
		C3A9750227E180E9000A5795 /* SceneDelegate.swift */ = {isa = PBXFileReference; lastKnownFileType = sourcecode.swift; path = SceneDelegate.swift; sourceTree = "<group>"; };
		C3A9750427E180E9000A5795 /* ViewController.swift */ = {isa = PBXFileReference; lastKnownFileType = sourcecode.swift; path = ViewController.swift; sourceTree = "<group>"; };
		C3A9750727E180E9000A5795 /* Base */ = {isa = PBXFileReference; lastKnownFileType = file.storyboard; name = Base; path = Base.lproj/Main.storyboard; sourceTree = "<group>"; };
		C3A9750927E180E9000A5795 /* Assets.xcassets */ = {isa = PBXFileReference; lastKnownFileType = folder.assetcatalog; path = Assets.xcassets; sourceTree = "<group>"; };
		C3A9750C27E180E9000A5795 /* Base */ = {isa = PBXFileReference; lastKnownFileType = file.storyboard; name = Base; path = Base.lproj/LaunchScreen.storyboard; sourceTree = "<group>"; };
		C3A9750E27E180E9000A5795 /* Info.plist */ = {isa = PBXFileReference; lastKnownFileType = text.plist.xml; path = Info.plist; sourceTree = "<group>"; };
		C3A9751427E18229000A5795 /* GoogleService-Info.plist */ = {isa = PBXFileReference; fileEncoding = 4; lastKnownFileType = text.plist.xml; name = "GoogleService-Info.plist"; path = "../../../Downloads/GoogleService-Info.plist"; sourceTree = "<group>"; };
		C3A9751627E1822F000A5795 /* GoogleService-Info.plist */ = {isa = PBXFileReference; lastKnownFileType = text.plist.xml; path = "GoogleService-Info.plist"; sourceTree = "<group>"; };
/* End PBXFileReference section */

/* Begin PBXFrameworksBuildPhase section */
		C3A974FA27E180E9000A5795 /* Frameworks */ = {
			isa = PBXFrameworksBuildPhase;
			buildActionMask = 2147483647;
			files = (
				A7B442357BADBBEF56C6CF69 /* Pods_SMSPushExample.framework in Frameworks */,
			);
			runOnlyForDeploymentPostprocessing = 0;
		};
/* End PBXFrameworksBuildPhase section */

/* Begin PBXGroup section */
		9DEFDC5105D0AF7BCDAEA6EA /* Pods */ = {
			isa = PBXGroup;
			children = (
				7B6612F7118CE956E4E04491 /* Pods-SMSPushExample.debug.xcconfig */,
				5F11BB25909E86B261EE355A /* Pods-SMSPushExample.release.xcconfig */,
			);
			path = Pods;
			sourceTree = "<group>";
		};
		B4E70C814D242B95DD8359C1 /* Frameworks */ = {
			isa = PBXGroup;
			children = (
				A786B650B773DC41D91F6919 /* Pods_SMSPushExample.framework */,
			);
			name = Frameworks;
			sourceTree = "<group>";
		};
		C3A974F427E180E8000A5795 = {
			isa = PBXGroup;
			children = (
				C3A9751427E18229000A5795 /* GoogleService-Info.plist */,
				C3A974FF27E180E9000A5795 /* SMSPushExample */,
				C3A974FE27E180E9000A5795 /* Products */,
				9DEFDC5105D0AF7BCDAEA6EA /* Pods */,
				B4E70C814D242B95DD8359C1 /* Frameworks */,
			);
			sourceTree = "<group>";
		};
		C3A974FE27E180E9000A5795 /* Products */ = {
			isa = PBXGroup;
			children = (
				C3A974FD27E180E9000A5795 /* SMSPushExample.app */,
			);
			name = Products;
			sourceTree = "<group>";
		};
		C3A974FF27E180E9000A5795 /* SMSPushExample */ = {
			isa = PBXGroup;
			children = (
				C3A9750027E180E9000A5795 /* AppDelegate.swift */,
				C3A9750227E180E9000A5795 /* SceneDelegate.swift */,
				C3A9750427E180E9000A5795 /* ViewController.swift */,
				C3A9750627E180E9000A5795 /* Main.storyboard */,
				C3A9750927E180E9000A5795 /* Assets.xcassets */,
				C3A9750B27E180E9000A5795 /* LaunchScreen.storyboard */,
				C3A9750E27E180E9000A5795 /* Info.plist */,
				C3A9751627E1822F000A5795 /* GoogleService-Info.plist */,
			);
			path = SMSPushExample;
			sourceTree = "<group>";
		};
/* End PBXGroup section */

/* Begin PBXNativeTarget section */
		C3A974FC27E180E9000A5795 /* SMSPushExample */ = {
			isa = PBXNativeTarget;
			buildConfigurationList = C3A9751127E180E9000A5795 /* Build configuration list for PBXNativeTarget "SMSPushExample" */;
			buildPhases = (
				55E7F530C3CDEFF6AD48E39B /* [CP] Check Pods Manifest.lock */,
				C3A974F927E180E9000A5795 /* Sources */,
				C3A974FA27E180E9000A5795 /* Frameworks */,
				C3A974FB27E180E9000A5795 /* Resources */,
				6DB55887C9A71A01C53BAE89 /* [CP] Embed Pods Frameworks */,
			);
			buildRules = (
			);
			dependencies = (
			);
			name = SMSPushExample;
			productName = SMSPushExample;
			productReference = C3A974FD27E180E9000A5795 /* SMSPushExample.app */;
			productType = "com.apple.product-type.application";
		};
/* End PBXNativeTarget section */

/* Begin PBXProject section */
		C3A974F527E180E8000A5795 /* Project object */ = {
			isa = PBXProject;
			attributes = {
				BuildIndependentTargetsInParallel = 1;
				LastSwiftUpdateCheck = 1320;
				LastUpgradeCheck = 1320;
				TargetAttributes = {
					C3A974FC27E180E9000A5795 = {
						CreatedOnToolsVersion = 13.2.1;
					};
				};
			};
			buildConfigurationList = C3A974F827E180E8000A5795 /* Build configuration list for PBXProject "SMSPushExample" */;
			compatibilityVersion = "Xcode 13.0";
			developmentRegion = en;
			hasScannedForEncodings = 0;
			knownRegions = (
				en,
				Base,
			);
			mainGroup = C3A974F427E180E8000A5795;
			productRefGroup = C3A974FE27E180E9000A5795 /* Products */;
			projectDirPath = "";
			projectRoot = "";
			targets = (
				C3A974FC27E180E9000A5795 /* SMSPushExample */,
			);
		};
/* End PBXProject section */

/* Begin PBXResourcesBuildPhase section */
		C3A974FB27E180E9000A5795 /* Resources */ = {
			isa = PBXResourcesBuildPhase;
			buildActionMask = 2147483647;
			files = (
				C3A9750D27E180E9000A5795 /* LaunchScreen.storyboard in Resources */,
				C3A9751527E18229000A5795 /* GoogleService-Info.plist in Resources */,
				C3A9750A27E180E9000A5795 /* Assets.xcassets in Resources */,
				C3A9750827E180E9000A5795 /* Main.storyboard in Resources */,
			);
			runOnlyForDeploymentPostprocessing = 0;
		};
/* End PBXResourcesBuildPhase section */

/* Begin PBXShellScriptBuildPhase section */
		55E7F530C3CDEFF6AD48E39B /* [CP] Check Pods Manifest.lock */ = {
			isa = PBXShellScriptBuildPhase;
			buildActionMask = 2147483647;
			files = (
			);
			inputFileListPaths = (
			);
			inputPaths = (
				"${PODS_PODFILE_DIR_PATH}/Podfile.lock",
				"${PODS_ROOT}/Manifest.lock",
			);
			name = "[CP] Check Pods Manifest.lock";
			outputFileListPaths = (
			);
			outputPaths = (
				"$(DERIVED_FILE_DIR)/Pods-SMSPushExample-checkManifestLockResult.txt",
			);
			runOnlyForDeploymentPostprocessing = 0;
			shellPath = /bin/sh;
			shellScript = "diff \"${PODS_PODFILE_DIR_PATH}/Podfile.lock\" \"${PODS_ROOT}/Manifest.lock\" > /dev/null\nif [ $? != 0 ] ; then\n    # print error to STDERR\n    echo \"error: The sandbox is not in sync with the Podfile.lock. Run 'pod install' or update your CocoaPods installation.\" >&2\n    exit 1\nfi\n# This output is used by Xcode 'outputs' to avoid re-running this script phase.\necho \"SUCCESS\" > \"${SCRIPT_OUTPUT_FILE_0}\"\n";
			showEnvVarsInLog = 0;
		};
		6DB55887C9A71A01C53BAE89 /* [CP] Embed Pods Frameworks */ = {
			isa = PBXShellScriptBuildPhase;
			buildActionMask = 2147483647;
			files = (
			);
			inputFileListPaths = (
				"${PODS_ROOT}/Target Support Files/Pods-SMSPushExample/Pods-SMSPushExample-frameworks-${CONFIGURATION}-input-files.xcfilelist",
			);
			name = "[CP] Embed Pods Frameworks";
			outputFileListPaths = (
				"${PODS_ROOT}/Target Support Files/Pods-SMSPushExample/Pods-SMSPushExample-frameworks-${CONFIGURATION}-output-files.xcfilelist",
			);
			runOnlyForDeploymentPostprocessing = 0;
			shellPath = /bin/sh;
			shellScript = "\"${PODS_ROOT}/Target Support Files/Pods-SMSPushExample/Pods-SMSPushExample-frameworks.sh\"\n";
			showEnvVarsInLog = 0;
		};
/* End PBXShellScriptBuildPhase section */

/* Begin PBXSourcesBuildPhase section */
		C3A974F927E180E9000A5795 /* Sources */ = {
			isa = PBXSourcesBuildPhase;
			buildActionMask = 2147483647;
			files = (
				C3A9750527E180E9000A5795 /* ViewController.swift in Sources */,
				C3A9750127E180E9000A5795 /* AppDelegate.swift in Sources */,
				C3A9750327E180E9000A5795 /* SceneDelegate.swift in Sources */,
			);
			runOnlyForDeploymentPostprocessing = 0;
		};
/* End PBXSourcesBuildPhase section */

/* Begin PBXVariantGroup section */
		C3A9750627E180E9000A5795 /* Main.storyboard */ = {
			isa = PBXVariantGroup;
			children = (
				C3A9750727E180E9000A5795 /* Base */,
			);
			name = Main.storyboard;
			sourceTree = "<group>";
		};
		C3A9750B27E180E9000A5795 /* LaunchScreen.storyboard */ = {
			isa = PBXVariantGroup;
			children = (
				C3A9750C27E180E9000A5795 /* Base */,
			);
			name = LaunchScreen.storyboard;
			sourceTree = "<group>";
		};
/* End PBXVariantGroup section */

/* Begin XCBuildConfiguration section */
		C3A9750F27E180E9000A5795 /* Debug */ = {
			isa = XCBuildConfiguration;
			buildSettings = {
				ALWAYS_SEARCH_USER_PATHS = NO;
				CLANG_ANALYZER_NONNULL = YES;
				CLANG_ANALYZER_NUMBER_OBJECT_CONVERSION = YES_AGGRESSIVE;
				CLANG_CXX_LANGUAGE_STANDARD = "gnu++17";
				CLANG_CXX_LIBRARY = "libc++";
				CLANG_ENABLE_MODULES = YES;
				CLANG_ENABLE_OBJC_ARC = YES;
				CLANG_ENABLE_OBJC_WEAK = YES;
				CLANG_WARN_BLOCK_CAPTURE_AUTORELEASING = YES;
				CLANG_WARN_BOOL_CONVERSION = YES;
				CLANG_WARN_COMMA = YES;
				CLANG_WARN_CONSTANT_CONVERSION = YES;
				CLANG_WARN_DEPRECATED_OBJC_IMPLEMENTATIONS = YES;
				CLANG_WARN_DIRECT_OBJC_ISA_USAGE = YES_ERROR;
				CLANG_WARN_DOCUMENTATION_COMMENTS = YES;
				CLANG_WARN_EMPTY_BODY = YES;
				CLANG_WARN_ENUM_CONVERSION = YES;
				CLANG_WARN_INFINITE_RECURSION = YES;
				CLANG_WARN_INT_CONVERSION = YES;
				CLANG_WARN_NON_LITERAL_NULL_CONVERSION = YES;
				CLANG_WARN_OBJC_IMPLICIT_RETAIN_SELF = YES;
				CLANG_WARN_OBJC_LITERAL_CONVERSION = YES;
				CLANG_WARN_OBJC_ROOT_CLASS = YES_ERROR;
				CLANG_WARN_QUOTED_INCLUDE_IN_FRAMEWORK_HEADER = YES;
				CLANG_WARN_RANGE_LOOP_ANALYSIS = YES;
				CLANG_WARN_STRICT_PROTOTYPES = YES;
				CLANG_WARN_SUSPICIOUS_MOVE = YES;
				CLANG_WARN_UNGUARDED_AVAILABILITY = YES_AGGRESSIVE;
				CLANG_WARN_UNREACHABLE_CODE = YES;
				CLANG_WARN__DUPLICATE_METHOD_MATCH = YES;
				COPY_PHASE_STRIP = NO;
				DEBUG_INFORMATION_FORMAT = dwarf;
				ENABLE_STRICT_OBJC_MSGSEND = YES;
				ENABLE_TESTABILITY = YES;
				GCC_C_LANGUAGE_STANDARD = gnu11;
				GCC_DYNAMIC_NO_PIC = NO;
				GCC_NO_COMMON_BLOCKS = YES;
				GCC_OPTIMIZATION_LEVEL = 0;
				GCC_PREPROCESSOR_DEFINITIONS = (
					"DEBUG=1",
					"$(inherited)",
				);
				GCC_WARN_64_TO_32_BIT_CONVERSION = YES;
				GCC_WARN_ABOUT_RETURN_TYPE = YES_ERROR;
				GCC_WARN_UNDECLARED_SELECTOR = YES;
				GCC_WARN_UNINITIALIZED_AUTOS = YES_AGGRESSIVE;
				GCC_WARN_UNUSED_FUNCTION = YES;
				GCC_WARN_UNUSED_VARIABLE = YES;
				IPHONEOS_DEPLOYMENT_TARGET = 15.2;
				MTL_ENABLE_DEBUG_INFO = INCLUDE_SOURCE;
				MTL_FAST_MATH = YES;
				ONLY_ACTIVE_ARCH = YES;
				SDKROOT = iphoneos;
				SWIFT_ACTIVE_COMPILATION_CONDITIONS = DEBUG;
				SWIFT_OPTIMIZATION_LEVEL = "-Onone";
			};
			name = Debug;
		};
		C3A9751027E180E9000A5795 /* Release */ = {
			isa = XCBuildConfiguration;
			buildSettings = {
				ALWAYS_SEARCH_USER_PATHS = NO;
				CLANG_ANALYZER_NONNULL = YES;
				CLANG_ANALYZER_NUMBER_OBJECT_CONVERSION = YES_AGGRESSIVE;
				CLANG_CXX_LANGUAGE_STANDARD = "gnu++17";
				CLANG_CXX_LIBRARY = "libc++";
				CLANG_ENABLE_MODULES = YES;
				CLANG_ENABLE_OBJC_ARC = YES;
				CLANG_ENABLE_OBJC_WEAK = YES;
				CLANG_WARN_BLOCK_CAPTURE_AUTORELEASING = YES;
				CLANG_WARN_BOOL_CONVERSION = YES;
				CLANG_WARN_COMMA = YES;
				CLANG_WARN_CONSTANT_CONVERSION = YES;
				CLANG_WARN_DEPRECATED_OBJC_IMPLEMENTATIONS = YES;
				CLANG_WARN_DIRECT_OBJC_ISA_USAGE = YES_ERROR;
				CLANG_WARN_DOCUMENTATION_COMMENTS = YES;
				CLANG_WARN_EMPTY_BODY = YES;
				CLANG_WARN_ENUM_CONVERSION = YES;
				CLANG_WARN_INFINITE_RECURSION = YES;
				CLANG_WARN_INT_CONVERSION = YES;
				CLANG_WARN_NON_LITERAL_NULL_CONVERSION = YES;
				CLANG_WARN_OBJC_IMPLICIT_RETAIN_SELF = YES;
				CLANG_WARN_OBJC_LITERAL_CONVERSION = YES;
				CLANG_WARN_OBJC_ROOT_CLASS = YES_ERROR;
				CLANG_WARN_QUOTED_INCLUDE_IN_FRAMEWORK_HEADER = YES;
				CLANG_WARN_RANGE_LOOP_ANALYSIS = YES;
				CLANG_WARN_STRICT_PROTOTYPES = YES;
				CLANG_WARN_SUSPICIOUS_MOVE = YES;
				CLANG_WARN_UNGUARDED_AVAILABILITY = YES_AGGRESSIVE;
				CLANG_WARN_UNREACHABLE_CODE = YES;
				CLANG_WARN__DUPLICATE_METHOD_MATCH = YES;
				COPY_PHASE_STRIP = NO;
				DEBUG_INFORMATION_FORMAT = "dwarf-with-dsym";
				ENABLE_NS_ASSERTIONS = NO;
				ENABLE_STRICT_OBJC_MSGSEND = YES;
				GCC_C_LANGUAGE_STANDARD = gnu11;
				GCC_NO_COMMON_BLOCKS = YES;
				GCC_WARN_64_TO_32_BIT_CONVERSION = YES;
				GCC_WARN_ABOUT_RETURN_TYPE = YES_ERROR;
				GCC_WARN_UNDECLARED_SELECTOR = YES;
				GCC_WARN_UNINITIALIZED_AUTOS = YES_AGGRESSIVE;
				GCC_WARN_UNUSED_FUNCTION = YES;
				GCC_WARN_UNUSED_VARIABLE = YES;
				IPHONEOS_DEPLOYMENT_TARGET = 15.2;
				MTL_ENABLE_DEBUG_INFO = NO;
				MTL_FAST_MATH = YES;
				SDKROOT = iphoneos;
				SWIFT_COMPILATION_MODE = wholemodule;
				SWIFT_OPTIMIZATION_LEVEL = "-O";
				VALIDATE_PRODUCT = YES;
			};
			name = Release;
		};
		C3A9751227E180E9000A5795 /* Debug */ = {
			isa = XCBuildConfiguration;
			baseConfigurationReference = 7B6612F7118CE956E4E04491 /* Pods-SMSPushExample.debug.xcconfig */;
			buildSettings = {
				ASSETCATALOG_COMPILER_APPICON_NAME = AppIcon;
				ASSETCATALOG_COMPILER_GLOBAL_ACCENT_COLOR_NAME = AccentColor;
				CODE_SIGN_STYLE = Automatic;
				CURRENT_PROJECT_VERSION = 1;
				DEVELOPMENT_TEAM = D6RBSQ9WD6;
				GENERATE_INFOPLIST_FILE = YES;
				INFOPLIST_FILE = SMSPushExample/Info.plist;
				INFOPLIST_KEY_UIApplicationSupportsIndirectInputEvents = YES;
				INFOPLIST_KEY_UILaunchStoryboardName = LaunchScreen;
				INFOPLIST_KEY_UIMainStoryboardFile = Main;
				INFOPLIST_KEY_UISupportedInterfaceOrientations = UIInterfaceOrientationPortrait;
				INFOPLIST_KEY_UISupportedInterfaceOrientations_iPad = "UIInterfaceOrientationPortrait UIInterfaceOrientationPortraitUpsideDown UIInterfaceOrientationLandscapeLeft UIInterfaceOrientationLandscapeRight";
				INFOPLIST_KEY_UISupportedInterfaceOrientations_iPhone = "UIInterfaceOrientationPortrait UIInterfaceOrientationLandscapeLeft UIInterfaceOrientationLandscapeRight";
				IPHONEOS_DEPLOYMENT_TARGET = 15.2;
				LD_RUNPATH_SEARCH_PATHS = (
					"$(inherited)",
					"@executable_path/Frameworks",
				);
				MARKETING_VERSION = 1.0;
				PRODUCT_BUNDLE_IDENTIFIER = hyeon.SMSPushExample;
				PRODUCT_NAME = "$(TARGET_NAME)";
				SWIFT_EMIT_LOC_STRINGS = YES;
				SWIFT_VERSION = 5.0;
				TARGETED_DEVICE_FAMILY = 1;
			};
			name = Debug;
		};
		C3A9751327E180E9000A5795 /* Release */ = {
			isa = XCBuildConfiguration;
			baseConfigurationReference = 5F11BB25909E86B261EE355A /* Pods-SMSPushExample.release.xcconfig */;
			buildSettings = {
				ASSETCATALOG_COMPILER_APPICON_NAME = AppIcon;
				ASSETCATALOG_COMPILER_GLOBAL_ACCENT_COLOR_NAME = AccentColor;
				CODE_SIGN_STYLE = Automatic;
				CURRENT_PROJECT_VERSION = 1;
				DEVELOPMENT_TEAM = D6RBSQ9WD6;
				GENERATE_INFOPLIST_FILE = YES;
				INFOPLIST_FILE = SMSPushExample/Info.plist;
				INFOPLIST_KEY_UIApplicationSupportsIndirectInputEvents = YES;
				INFOPLIST_KEY_UILaunchStoryboardName = LaunchScreen;
				INFOPLIST_KEY_UIMainStoryboardFile = Main;
				INFOPLIST_KEY_UISupportedInterfaceOrientations = UIInterfaceOrientationPortrait;
				INFOPLIST_KEY_UISupportedInterfaceOrientations_iPad = "UIInterfaceOrientationPortrait UIInterfaceOrientationPortraitUpsideDown UIInterfaceOrientationLandscapeLeft UIInterfaceOrientationLandscapeRight";
				INFOPLIST_KEY_UISupportedInterfaceOrientations_iPhone = "UIInterfaceOrientationPortrait UIInterfaceOrientationLandscapeLeft UIInterfaceOrientationLandscapeRight";
				IPHONEOS_DEPLOYMENT_TARGET = 15.2;
				LD_RUNPATH_SEARCH_PATHS = (
					"$(inherited)",
					"@executable_path/Frameworks",
				);
				MARKETING_VERSION = 1.0;
				PRODUCT_BUNDLE_IDENTIFIER = hyeon.SMSPushExample;
				PRODUCT_NAME = "$(TARGET_NAME)";
				SWIFT_EMIT_LOC_STRINGS = YES;
				SWIFT_VERSION = 5.0;
				TARGETED_DEVICE_FAMILY = 1;
			};
			name = Release;
		};
/* End XCBuildConfiguration section */

/* Begin XCConfigurationList section */
		C3A974F827E180E8000A5795 /* Build configuration list for PBXProject "SMSPushExample" */ = {
			isa = XCConfigurationList;
			buildConfigurations = (
				C3A9750F27E180E9000A5795 /* Debug */,
				C3A9751027E180E9000A5795 /* Release */,
			);
			defaultConfigurationIsVisible = 0;
			defaultConfigurationName = Release;
		};
		C3A9751127E180E9000A5795 /* Build configuration list for PBXNativeTarget "SMSPushExample" */ = {
			isa = XCConfigurationList;
			buildConfigurations = (
				C3A9751227E180E9000A5795 /* Debug */,
				C3A9751327E180E9000A5795 /* Release */,
			);
			defaultConfigurationIsVisible = 0;
			defaultConfigurationName = Release;
		};
/* End XCConfigurationList section */
	};
	rootObject = C3A974F527E180E8000A5795 /* Project object */;
}
