PODS:
  - ReactorKit (2.0.1):
    - RxSwift (~> 5.0)
  - RxCocoa (5.1.3):
    - RxRelay (~> 5)
    - RxSwift (~> 5)
  - RxRelay (5.1.3):
    - RxSwift (~> 5)
  - RxSwift (5.1.3)

DEPENDENCIES:
  - ReactorKit (= 2.0.1)
  - RxCocoa (~> 5)
  - RxSwift (~> 5)

SPEC REPOS:
  trunk:
    - ReactorKit
    - RxCocoa
    - RxRelay
    - RxSwift

SPEC CHECKSUMS:
  ReactorKit: a63c5e11e0fd32d59d672e54178b0ed2876b764b
  RxCocoa: e2ed092d5432e4296aa818021d27de4090ac0354
  RxRelay: 5a18c2eb2d68326ebaf0112f80d837ae41b92b97
  RxSwift: 915abbdfb62214aa89ccd0b194d44fb478019b27

PODFILE CHECKSUM: 7a659f5032194f3d4b146aecd93bdf3728443a5d

COCOAPODS: 1.11.2
