// !$*UTF8*$!
{
	archiveVersion = 1;
	classes = {
	};
	objectVersion = 55;
	objects = {

/* Begin PBXBuildFile section */
		2F19B32C50F6025D3939D014 /* Pods_RxSwiftExample_RxSwiftExampleUITests.framework in Frameworks */ = {isa = PBXBuildFile; fileRef = 4DD8384699BB0E8C27083824 /* Pods_RxSwiftExample_RxSwiftExampleUITests.framework */; };
		7E9236CCE5B4F26C5D4C1B4C /* Pods_RxSwiftExample.framework in Frameworks */ = {isa = PBXBuildFile; fileRef = 3ACA619E77B06C89A43E472E /* Pods_RxSwiftExample.framework */; };
		B7554C15E37328CC6A6B0FD0 /* Pods_RxSwiftExampleTests.framework in Frameworks */ = {isa = PBXBuildFile; fileRef = EC2C57853C8223ED90BECBF2 /* Pods_RxSwiftExampleTests.framework */; };
		C361097527D5EBE000AF3A31 /* AppDelegate.swift in Sources */ = {isa = PBXBuildFile; fileRef = C361097427D5EBE000AF3A31 /* AppDelegate.swift */; };
		C361097727D5EBE000AF3A31 /* SceneDelegate.swift in Sources */ = {isa = PBXBuildFile; fileRef = C361097627D5EBE000AF3A31 /* SceneDelegate.swift */; };
		C361097927D5EBE000AF3A31 /* ViewController.swift in Sources */ = {isa = PBXBuildFile; fileRef = C361097827D5EBE000AF3A31 /* ViewController.swift */; };
		C361097C27D5EBE000AF3A31 /* Main.storyboard in Resources */ = {isa = PBXBuildFile; fileRef = C361097A27D5EBE000AF3A31 /* Main.storyboard */; };
		C361097E27D5EBE100AF3A31 /* Assets.xcassets in Resources */ = {isa = PBXBuildFile; fileRef = C361097D27D5EBE100AF3A31 /* Assets.xcassets */; };
		C361098127D5EBE100AF3A31 /* LaunchScreen.storyboard in Resources */ = {isa = PBXBuildFile; fileRef = C361097F27D5EBE100AF3A31 /* LaunchScreen.storyboard */; };
		C361098C27D5EBE100AF3A31 /* RxSwiftExampleTests.swift in Sources */ = {isa = PBXBuildFile; fileRef = C361098B27D5EBE100AF3A31 /* RxSwiftExampleTests.swift */; };
		C361099627D5EBE100AF3A31 /* RxSwiftExampleUITests.swift in Sources */ = {isa = PBXBuildFile; fileRef = C361099527D5EBE100AF3A31 /* RxSwiftExampleUITests.swift */; };
		C361099827D5EBE100AF3A31 /* RxSwiftExampleUITestsLaunchTests.swift in Sources */ = {isa = PBXBuildFile; fileRef = C361099727D5EBE100AF3A31 /* RxSwiftExampleUITestsLaunchTests.swift */; };
/* End PBXBuildFile section */

/* Begin PBXContainerItemProxy section */
		C361098827D5EBE100AF3A31 /* PBXContainerItemProxy */ = {
			isa = PBXContainerItemProxy;
			containerPortal = C361096927D5EBE000AF3A31 /* Project object */;
			proxyType = 1;
			remoteGlobalIDString = C361097027D5EBE000AF3A31;
			remoteInfo = RxSwiftExample;
		};
		C361099227D5EBE100AF3A31 /* PBXContainerItemProxy */ = {
			isa = PBXContainerItemProxy;
			containerPortal = C361096927D5EBE000AF3A31 /* Project object */;
			proxyType = 1;
			remoteGlobalIDString = C361097027D5EBE000AF3A31;
			remoteInfo = RxSwiftExample;
		};
/* End PBXContainerItemProxy section */

/* Begin PBXFileReference section */
		3ACA619E77B06C89A43E472E /* Pods_RxSwiftExample.framework */ = {isa = PBXFileReference; explicitFileType = wrapper.framework; includeInIndex = 0; path = Pods_RxSwiftExample.framework; sourceTree = BUILT_PRODUCTS_DIR; };
		4DD8384699BB0E8C27083824 /* Pods_RxSwiftExample_RxSwiftExampleUITests.framework */ = {isa = PBXFileReference; explicitFileType = wrapper.framework; includeInIndex = 0; path = Pods_RxSwiftExample_RxSwiftExampleUITests.framework; sourceTree = BUILT_PRODUCTS_DIR; };
		6E311D7E0BCD52A25FE7D882 /* Pods-RxSwiftExampleTests.debug.xcconfig */ = {isa = PBXFileReference; includeInIndex = 1; lastKnownFileType = text.xcconfig; name = "Pods-RxSwiftExampleTests.debug.xcconfig"; path = "Target Support Files/Pods-RxSwiftExampleTests/Pods-RxSwiftExampleTests.debug.xcconfig"; sourceTree = "<group>"; };
		767CC4C82AF90606198C70F8 /* Pods-RxSwiftExample-RxSwiftExampleUITests.release.xcconfig */ = {isa = PBXFileReference; includeInIndex = 1; lastKnownFileType = text.xcconfig; name = "Pods-RxSwiftExample-RxSwiftExampleUITests.release.xcconfig"; path = "Target Support Files/Pods-RxSwiftExample-RxSwiftExampleUITests/Pods-RxSwiftExample-RxSwiftExampleUITests.release.xcconfig"; sourceTree = "<group>"; };
		7A057ACCB3A3F37C6E494B46 /* Pods-RxSwiftExample-RxSwiftExampleUITests.debug.xcconfig */ = {isa = PBXFileReference; includeInIndex = 1; lastKnownFileType = text.xcconfig; name = "Pods-RxSwiftExample-RxSwiftExampleUITests.debug.xcconfig"; path = "Target Support Files/Pods-RxSwiftExample-RxSwiftExampleUITests/Pods-RxSwiftExample-RxSwiftExampleUITests.debug.xcconfig"; sourceTree = "<group>"; };
		8D3503BFFC962AEBD674ECB0 /* Pods-RxSwiftExampleTests.release.xcconfig */ = {isa = PBXFileReference; includeInIndex = 1; lastKnownFileType = text.xcconfig; name = "Pods-RxSwiftExampleTests.release.xcconfig"; path = "Target Support Files/Pods-RxSwiftExampleTests/Pods-RxSwiftExampleTests.release.xcconfig"; sourceTree = "<group>"; };
		A334F2A78344B6ED5B4EC8E1 /* Pods-RxSwiftExample.release.xcconfig */ = {isa = PBXFileReference; includeInIndex = 1; lastKnownFileType = text.xcconfig; name = "Pods-RxSwiftExample.release.xcconfig"; path = "Target Support Files/Pods-RxSwiftExample/Pods-RxSwiftExample.release.xcconfig"; sourceTree = "<group>"; };
		B2F6BD38677C0D8B1105E461 /* Pods-RxSwiftExample.debug.xcconfig */ = {isa = PBXFileReference; includeInIndex = 1; lastKnownFileType = text.xcconfig; name = "Pods-RxSwiftExample.debug.xcconfig"; path = "Target Support Files/Pods-RxSwiftExample/Pods-RxSwiftExample.debug.xcconfig"; sourceTree = "<group>"; };
		C361097127D5EBE000AF3A31 /* RxSwiftExample.app */ = {isa = PBXFileReference; explicitFileType = wrapper.application; includeInIndex = 0; path = RxSwiftExample.app; sourceTree = BUILT_PRODUCTS_DIR; };
		C361097427D5EBE000AF3A31 /* AppDelegate.swift */ = {isa = PBXFileReference; lastKnownFileType = sourcecode.swift; path = AppDelegate.swift; sourceTree = "<group>"; };
		C361097627D5EBE000AF3A31 /* SceneDelegate.swift */ = {isa = PBXFileReference; lastKnownFileType = sourcecode.swift; path = SceneDelegate.swift; sourceTree = "<group>"; };
		C361097827D5EBE000AF3A31 /* ViewController.swift */ = {isa = PBXFileReference; lastKnownFileType = sourcecode.swift; path = ViewController.swift; sourceTree = "<group>"; };
		C361097B27D5EBE000AF3A31 /* Base */ = {isa = PBXFileReference; lastKnownFileType = file.storyboard; name = Base; path = Base.lproj/Main.storyboard; sourceTree = "<group>"; };
		C361097D27D5EBE100AF3A31 /* Assets.xcassets */ = {isa = PBXFileReference; lastKnownFileType = folder.assetcatalog; path = Assets.xcassets; sourceTree = "<group>"; };
		C361098027D5EBE100AF3A31 /* Base */ = {isa = PBXFileReference; lastKnownFileType = file.storyboard; name = Base; path = Base.lproj/LaunchScreen.storyboard; sourceTree = "<group>"; };
		C361098227D5EBE100AF3A31 /* Info.plist */ = {isa = PBXFileReference; lastKnownFileType = text.plist.xml; path = Info.plist; sourceTree = "<group>"; };
		C361098727D5EBE100AF3A31 /* RxSwiftExampleTests.xctest */ = {isa = PBXFileReference; explicitFileType = wrapper.cfbundle; includeInIndex = 0; path = RxSwiftExampleTests.xctest; sourceTree = BUILT_PRODUCTS_DIR; };
		C361098B27D5EBE100AF3A31 /* RxSwiftExampleTests.swift */ = {isa = PBXFileReference; lastKnownFileType = sourcecode.swift; path = RxSwiftExampleTests.swift; sourceTree = "<group>"; };
		C361099127D5EBE100AF3A31 /* RxSwiftExampleUITests.xctest */ = {isa = PBXFileReference; explicitFileType = wrapper.cfbundle; includeInIndex = 0; path = RxSwiftExampleUITests.xctest; sourceTree = BUILT_PRODUCTS_DIR; };
		C361099527D5EBE100AF3A31 /* RxSwiftExampleUITests.swift */ = {isa = PBXFileReference; lastKnownFileType = sourcecode.swift; path = RxSwiftExampleUITests.swift; sourceTree = "<group>"; };
		C361099727D5EBE100AF3A31 /* RxSwiftExampleUITestsLaunchTests.swift */ = {isa = PBXFileReference; lastKnownFileType = sourcecode.swift; path = RxSwiftExampleUITestsLaunchTests.swift; sourceTree = "<group>"; };
		EC2C57853C8223ED90BECBF2 /* Pods_RxSwiftExampleTests.framework */ = {isa = PBXFileReference; explicitFileType = wrapper.framework; includeInIndex = 0; path = Pods_RxSwiftExampleTests.framework; sourceTree = BUILT_PRODUCTS_DIR; };
/* End PBXFileReference section */

/* Begin PBXFrameworksBuildPhase section */
		C361096E27D5EBE000AF3A31 /* Frameworks */ = {
			isa = PBXFrameworksBuildPhase;
			buildActionMask = 2147483647;
			files = (
				7E9236CCE5B4F26C5D4C1B4C /* Pods_RxSwiftExample.framework in Frameworks */,
			);
			runOnlyForDeploymentPostprocessing = 0;
		};
		C361098427D5EBE100AF3A31 /* Frameworks */ = {
			isa = PBXFrameworksBuildPhase;
			buildActionMask = 2147483647;
			files = (
				B7554C15E37328CC6A6B0FD0 /* Pods_RxSwiftExampleTests.framework in Frameworks */,
			);
			runOnlyForDeploymentPostprocessing = 0;
		};
		C361098E27D5EBE100AF3A31 /* Frameworks */ = {
			isa = PBXFrameworksBuildPhase;
			buildActionMask = 2147483647;
			files = (
				2F19B32C50F6025D3939D014 /* Pods_RxSwiftExample_RxSwiftExampleUITests.framework in Frameworks */,
			);
			runOnlyForDeploymentPostprocessing = 0;
		};
/* End PBXFrameworksBuildPhase section */

/* Begin PBXGroup section */
		8BDF0142A390946365754632 /* Frameworks */ = {
			isa = PBXGroup;
			children = (
				3ACA619E77B06C89A43E472E /* Pods_RxSwiftExample.framework */,
				4DD8384699BB0E8C27083824 /* Pods_RxSwiftExample_RxSwiftExampleUITests.framework */,
				EC2C57853C8223ED90BECBF2 /* Pods_RxSwiftExampleTests.framework */,
			);
			name = Frameworks;
			sourceTree = "<group>";
		};
		A9CFF1FDF3C98F788AD2619B /* Pods */ = {
			isa = PBXGroup;
			children = (
				B2F6BD38677C0D8B1105E461 /* Pods-RxSwiftExample.debug.xcconfig */,
				A334F2A78344B6ED5B4EC8E1 /* Pods-RxSwiftExample.release.xcconfig */,
				7A057ACCB3A3F37C6E494B46 /* Pods-RxSwiftExample-RxSwiftExampleUITests.debug.xcconfig */,
				767CC4C82AF90606198C70F8 /* Pods-RxSwiftExample-RxSwiftExampleUITests.release.xcconfig */,
				6E311D7E0BCD52A25FE7D882 /* Pods-RxSwiftExampleTests.debug.xcconfig */,
				8D3503BFFC962AEBD674ECB0 /* Pods-RxSwiftExampleTests.release.xcconfig */,
			);
			name = Pods;
			path = Pods;
			sourceTree = "<group>";
		};
		C361096827D5EBE000AF3A31 = {
			isa = PBXGroup;
			children = (
				C361097327D5EBE000AF3A31 /* RxSwiftExample */,
				C361098A27D5EBE100AF3A31 /* RxSwiftExampleTests */,
				C361099427D5EBE100AF3A31 /* RxSwiftExampleUITests */,
				C361097227D5EBE000AF3A31 /* Products */,
				A9CFF1FDF3C98F788AD2619B /* Pods */,
				8BDF0142A390946365754632 /* Frameworks */,
			);
			sourceTree = "<group>";
		};
		C361097227D5EBE000AF3A31 /* Products */ = {
			isa = PBXGroup;
			children = (
				C361097127D5EBE000AF3A31 /* RxSwiftExample.app */,
				C361098727D5EBE100AF3A31 /* RxSwiftExampleTests.xctest */,
				C361099127D5EBE100AF3A31 /* RxSwiftExampleUITests.xctest */,
			);
			name = Products;
			sourceTree = "<group>";
		};
		C361097327D5EBE000AF3A31 /* RxSwiftExample */ = {
			isa = PBXGroup;
			children = (
				C361097427D5EBE000AF3A31 /* AppDelegate.swift */,
				C361097627D5EBE000AF3A31 /* SceneDelegate.swift */,
				C361097827D5EBE000AF3A31 /* ViewController.swift */,
				C361097A27D5EBE000AF3A31 /* Main.storyboard */,
				C361097D27D5EBE100AF3A31 /* Assets.xcassets */,
				C361097F27D5EBE100AF3A31 /* LaunchScreen.storyboard */,
				C361098227D5EBE100AF3A31 /* Info.plist */,
			);
			path = RxSwiftExample;
			sourceTree = "<group>";
		};
		C361098A27D5EBE100AF3A31 /* RxSwiftExampleTests */ = {
			isa = PBXGroup;
			children = (
				C361098B27D5EBE100AF3A31 /* RxSwiftExampleTests.swift */,
			);
			path = RxSwiftExampleTests;
			sourceTree = "<group>";
		};
		C361099427D5EBE100AF3A31 /* RxSwiftExampleUITests */ = {
			isa = PBXGroup;
			children = (
				C361099527D5EBE100AF3A31 /* RxSwiftExampleUITests.swift */,
				C361099727D5EBE100AF3A31 /* RxSwiftExampleUITestsLaunchTests.swift */,
			);
			path = RxSwiftExampleUITests;
			sourceTree = "<group>";
		};
/* End PBXGroup section */

/* Begin PBXNativeTarget section */
		C361097027D5EBE000AF3A31 /* RxSwiftExample */ = {
			isa = PBXNativeTarget;
			buildConfigurationList = C361099B27D5EBE100AF3A31 /* Build configuration list for PBXNativeTarget "RxSwiftExample" */;
			buildPhases = (
				E21436AC9ADD612D3AD42025 /* [CP] Check Pods Manifest.lock */,
				C361096D27D5EBE000AF3A31 /* Sources */,
				C361096E27D5EBE000AF3A31 /* Frameworks */,
				C361096F27D5EBE000AF3A31 /* Resources */,
				FBC8EF2388537CBAB74539B5 /* [CP] Embed Pods Frameworks */,
			);
			buildRules = (
			);
			dependencies = (
			);
			name = RxSwiftExample;
			productName = RxSwiftExample;
			productReference = C361097127D5EBE000AF3A31 /* RxSwiftExample.app */;
			productType = "com.apple.product-type.application";
		};
		C361098627D5EBE100AF3A31 /* RxSwiftExampleTests */ = {
			isa = PBXNativeTarget;
			buildConfigurationList = C361099E27D5EBE100AF3A31 /* Build configuration list for PBXNativeTarget "RxSwiftExampleTests" */;
			buildPhases = (
				9DB9AC2FC54A57F96C1D0F36 /* [CP] Check Pods Manifest.lock */,
				C361098327D5EBE100AF3A31 /* Sources */,
				C361098427D5EBE100AF3A31 /* Frameworks */,
				C361098527D5EBE100AF3A31 /* Resources */,
			);
			buildRules = (
			);
			dependencies = (
				C361098927D5EBE100AF3A31 /* PBXTargetDependency */,
			);
			name = RxSwiftExampleTests;
			productName = RxSwiftExampleTests;
			productReference = C361098727D5EBE100AF3A31 /* RxSwiftExampleTests.xctest */;
			productType = "com.apple.product-type.bundle.unit-test";
		};
		C361099027D5EBE100AF3A31 /* RxSwiftExampleUITests */ = {
			isa = PBXNativeTarget;
			buildConfigurationList = C36109A127D5EBE100AF3A31 /* Build configuration list for PBXNativeTarget "RxSwiftExampleUITests" */;
			buildPhases = (
				CBF06D2CC183AD6657F8C22F /* [CP] Check Pods Manifest.lock */,
				C361098D27D5EBE100AF3A31 /* Sources */,
				C361098E27D5EBE100AF3A31 /* Frameworks */,
				C361098F27D5EBE100AF3A31 /* Resources */,
				12A78EAB7AB64A9992B0E8FC /* [CP] Embed Pods Frameworks */,
			);
			buildRules = (
			);
			dependencies = (
				C361099327D5EBE100AF3A31 /* PBXTargetDependency */,
			);
			name = RxSwiftExampleUITests;
			productName = RxSwiftExampleUITests;
			productReference = C361099127D5EBE100AF3A31 /* RxSwiftExampleUITests.xctest */;
			productType = "com.apple.product-type.bundle.ui-testing";
		};
/* End PBXNativeTarget section */

/* Begin PBXProject section */
		C361096927D5EBE000AF3A31 /* Project object */ = {
			isa = PBXProject;
			attributes = {
				BuildIndependentTargetsInParallel = 1;
				LastSwiftUpdateCheck = 1320;
				LastUpgradeCheck = 1320;
				TargetAttributes = {
					C361097027D5EBE000AF3A31 = {
						CreatedOnToolsVersion = 13.2.1;
					};
					C361098627D5EBE100AF3A31 = {
						CreatedOnToolsVersion = 13.2.1;
						TestTargetID = C361097027D5EBE000AF3A31;
					};
					C361099027D5EBE100AF3A31 = {
						CreatedOnToolsVersion = 13.2.1;
						TestTargetID = C361097027D5EBE000AF3A31;
					};
				};
			};
			buildConfigurationList = C361096C27D5EBE000AF3A31 /* Build configuration list for PBXProject "RxSwiftExample" */;
			compatibilityVersion = "Xcode 13.0";
			developmentRegion = en;
			hasScannedForEncodings = 0;
			knownRegions = (
				en,
				Base,
			);
			mainGroup = C361096827D5EBE000AF3A31;
			productRefGroup = C361097227D5EBE000AF3A31 /* Products */;
			projectDirPath = "";
			projectRoot = "";
			targets = (
				C361097027D5EBE000AF3A31 /* RxSwiftExample */,
				C361098627D5EBE100AF3A31 /* RxSwiftExampleTests */,
				C361099027D5EBE100AF3A31 /* RxSwiftExampleUITests */,
			);
		};
/* End PBXProject section */

/* Begin PBXResourcesBuildPhase section */
		C361096F27D5EBE000AF3A31 /* Resources */ = {
			isa = PBXResourcesBuildPhase;
			buildActionMask = 2147483647;
			files = (
				C361098127D5EBE100AF3A31 /* LaunchScreen.storyboard in Resources */,
				C361097E27D5EBE100AF3A31 /* Assets.xcassets in Resources */,
				C361097C27D5EBE000AF3A31 /* Main.storyboard in Resources */,
			);
			runOnlyForDeploymentPostprocessing = 0;
		};
		C361098527D5EBE100AF3A31 /* Resources */ = {
			isa = PBXResourcesBuildPhase;
			buildActionMask = 2147483647;
			files = (
			);
			runOnlyForDeploymentPostprocessing = 0;
		};
		C361098F27D5EBE100AF3A31 /* Resources */ = {
			isa = PBXResourcesBuildPhase;
			buildActionMask = 2147483647;
			files = (
			);
			runOnlyForDeploymentPostprocessing = 0;
		};
/* End PBXResourcesBuildPhase section */

/* Begin PBXShellScriptBuildPhase section */
		12A78EAB7AB64A9992B0E8FC /* [CP] Embed Pods Frameworks */ = {
			isa = PBXShellScriptBuildPhase;
			buildActionMask = 2147483647;
			files = (
			);
			inputFileListPaths = (
				"${PODS_ROOT}/Target Support Files/Pods-RxSwiftExample-RxSwiftExampleUITests/Pods-RxSwiftExample-RxSwiftExampleUITests-frameworks-${CONFIGURATION}-input-files.xcfilelist",
			);
			name = "[CP] Embed Pods Frameworks";
			outputFileListPaths = (
				"${PODS_ROOT}/Target Support Files/Pods-RxSwiftExample-RxSwiftExampleUITests/Pods-RxSwiftExample-RxSwiftExampleUITests-frameworks-${CONFIGURATION}-output-files.xcfilelist",
			);
			runOnlyForDeploymentPostprocessing = 0;
			shellPath = /bin/sh;
			shellScript = "\"${PODS_ROOT}/Target Support Files/Pods-RxSwiftExample-RxSwiftExampleUITests/Pods-RxSwiftExample-RxSwiftExampleUITests-frameworks.sh\"\n";
			showEnvVarsInLog = 0;
		};
		9DB9AC2FC54A57F96C1D0F36 /* [CP] Check Pods Manifest.lock */ = {
			isa = PBXShellScriptBuildPhase;
			buildActionMask = 2147483647;
			files = (
			);
			inputFileListPaths = (
			);
			inputPaths = (
				"${PODS_PODFILE_DIR_PATH}/Podfile.lock",
				"${PODS_ROOT}/Manifest.lock",
			);
			name = "[CP] Check Pods Manifest.lock";
			outputFileListPaths = (
			);
			outputPaths = (
				"$(DERIVED_FILE_DIR)/Pods-RxSwiftExampleTests-checkManifestLockResult.txt",
			);
			runOnlyForDeploymentPostprocessing = 0;
			shellPath = /bin/sh;
			shellScript = "diff \"${PODS_PODFILE_DIR_PATH}/Podfile.lock\" \"${PODS_ROOT}/Manifest.lock\" > /dev/null\nif [ $? != 0 ] ; then\n    # print error to STDERR\n    echo \"error: The sandbox is not in sync with the Podfile.lock. Run 'pod install' or update your CocoaPods installation.\" >&2\n    exit 1\nfi\n# This output is used by Xcode 'outputs' to avoid re-running this script phase.\necho \"SUCCESS\" > \"${SCRIPT_OUTPUT_FILE_0}\"\n";
			showEnvVarsInLog = 0;
		};
		CBF06D2CC183AD6657F8C22F /* [CP] Check Pods Manifest.lock */ = {
			isa = PBXShellScriptBuildPhase;
			buildActionMask = 2147483647;
			files = (
			);
			inputFileListPaths = (
			);
			inputPaths = (
				"${PODS_PODFILE_DIR_PATH}/Podfile.lock",
				"${PODS_ROOT}/Manifest.lock",
			);
			name = "[CP] Check Pods Manifest.lock";
			outputFileListPaths = (
			);
			outputPaths = (
				"$(DERIVED_FILE_DIR)/Pods-RxSwiftExample-RxSwiftExampleUITests-checkManifestLockResult.txt",
			);
			runOnlyForDeploymentPostprocessing = 0;
			shellPath = /bin/sh;
			shellScript = "diff \"${PODS_PODFILE_DIR_PATH}/Podfile.lock\" \"${PODS_ROOT}/Manifest.lock\" > /dev/null\nif [ $? != 0 ] ; then\n    # print error to STDERR\n    echo \"error: The sandbox is not in sync with the Podfile.lock. Run 'pod install' or update your CocoaPods installation.\" >&2\n    exit 1\nfi\n# This output is used by Xcode 'outputs' to avoid re-running this script phase.\necho \"SUCCESS\" > \"${SCRIPT_OUTPUT_FILE_0}\"\n";
			showEnvVarsInLog = 0;
		};
		E21436AC9ADD612D3AD42025 /* [CP] Check Pods Manifest.lock */ = {
			isa = PBXShellScriptBuildPhase;
			buildActionMask = 2147483647;
			files = (
			);
			inputFileListPaths = (
			);
			inputPaths = (
				"${PODS_PODFILE_DIR_PATH}/Podfile.lock",
				"${PODS_ROOT}/Manifest.lock",
			);
			name = "[CP] Check Pods Manifest.lock";
			outputFileListPaths = (
			);
			outputPaths = (
				"$(DERIVED_FILE_DIR)/Pods-RxSwiftExample-checkManifestLockResult.txt",
			);
			runOnlyForDeploymentPostprocessing = 0;
			shellPath = /bin/sh;
			shellScript = "diff \"${PODS_PODFILE_DIR_PATH}/Podfile.lock\" \"${PODS_ROOT}/Manifest.lock\" > /dev/null\nif [ $? != 0 ] ; then\n    # print error to STDERR\n    echo \"error: The sandbox is not in sync with the Podfile.lock. Run 'pod install' or update your CocoaPods installation.\" >&2\n    exit 1\nfi\n# This output is used by Xcode 'outputs' to avoid re-running this script phase.\necho \"SUCCESS\" > \"${SCRIPT_OUTPUT_FILE_0}\"\n";
			showEnvVarsInLog = 0;
		};
		FBC8EF2388537CBAB74539B5 /* [CP] Embed Pods Frameworks */ = {
			isa = PBXShellScriptBuildPhase;
			buildActionMask = 2147483647;
			files = (
			);
			inputFileListPaths = (
				"${PODS_ROOT}/Target Support Files/Pods-RxSwiftExample/Pods-RxSwiftExample-frameworks-${CONFIGURATION}-input-files.xcfilelist",
			);
			name = "[CP] Embed Pods Frameworks";
			outputFileListPaths = (
				"${PODS_ROOT}/Target Support Files/Pods-RxSwiftExample/Pods-RxSwiftExample-frameworks-${CONFIGURATION}-output-files.xcfilelist",
			);
			runOnlyForDeploymentPostprocessing = 0;
			shellPath = /bin/sh;
			shellScript = "\"${PODS_ROOT}/Target Support Files/Pods-RxSwiftExample/Pods-RxSwiftExample-frameworks.sh\"\n";
			showEnvVarsInLog = 0;
		};
/* End PBXShellScriptBuildPhase section */

/* Begin PBXSourcesBuildPhase section */
		C361096D27D5EBE000AF3A31 /* Sources */ = {
			isa = PBXSourcesBuildPhase;
			buildActionMask = 2147483647;
			files = (
				C361097927D5EBE000AF3A31 /* ViewController.swift in Sources */,
				C361097527D5EBE000AF3A31 /* AppDelegate.swift in Sources */,
				C361097727D5EBE000AF3A31 /* SceneDelegate.swift in Sources */,
			);
			runOnlyForDeploymentPostprocessing = 0;
		};
		C361098327D5EBE100AF3A31 /* Sources */ = {
			isa = PBXSourcesBuildPhase;
			buildActionMask = 2147483647;
			files = (
				C361098C27D5EBE100AF3A31 /* RxSwiftExampleTests.swift in Sources */,
			);
			runOnlyForDeploymentPostprocessing = 0;
		};
		C361098D27D5EBE100AF3A31 /* Sources */ = {
			isa = PBXSourcesBuildPhase;
			buildActionMask = 2147483647;
			files = (
				C361099627D5EBE100AF3A31 /* RxSwiftExampleUITests.swift in Sources */,
				C361099827D5EBE100AF3A31 /* RxSwiftExampleUITestsLaunchTests.swift in Sources */,
			);
			runOnlyForDeploymentPostprocessing = 0;
		};
/* End PBXSourcesBuildPhase section */

/* Begin PBXTargetDependency section */
		C361098927D5EBE100AF3A31 /* PBXTargetDependency */ = {
			isa = PBXTargetDependency;
			target = C361097027D5EBE000AF3A31 /* RxSwiftExample */;
			targetProxy = C361098827D5EBE100AF3A31 /* PBXContainerItemProxy */;
		};
		C361099327D5EBE100AF3A31 /* PBXTargetDependency */ = {
			isa = PBXTargetDependency;
			target = C361097027D5EBE000AF3A31 /* RxSwiftExample */;
			targetProxy = C361099227D5EBE100AF3A31 /* PBXContainerItemProxy */;
		};
/* End PBXTargetDependency section */

/* Begin PBXVariantGroup section */
		C361097A27D5EBE000AF3A31 /* Main.storyboard */ = {
			isa = PBXVariantGroup;
			children = (
				C361097B27D5EBE000AF3A31 /* Base */,
			);
			name = Main.storyboard;
			sourceTree = "<group>";
		};
		C361097F27D5EBE100AF3A31 /* LaunchScreen.storyboard */ = {
			isa = PBXVariantGroup;
			children = (
				C361098027D5EBE100AF3A31 /* Base */,
			);
			name = LaunchScreen.storyboard;
			sourceTree = "<group>";
		};
/* End PBXVariantGroup section */

/* Begin XCBuildConfiguration section */
		C361099927D5EBE100AF3A31 /* Debug */ = {
			isa = XCBuildConfiguration;
			buildSettings = {
				ALWAYS_SEARCH_USER_PATHS = NO;
				CLANG_ANALYZER_NONNULL = YES;
				CLANG_ANALYZER_NUMBER_OBJECT_CONVERSION = YES_AGGRESSIVE;
				CLANG_CXX_LANGUAGE_STANDARD = "gnu++17";
				CLANG_CXX_LIBRARY = "libc++";
				CLANG_ENABLE_MODULES = YES;
				CLANG_ENABLE_OBJC_ARC = YES;
				CLANG_ENABLE_OBJC_WEAK = YES;
				CLANG_WARN_BLOCK_CAPTURE_AUTORELEASING = YES;
				CLANG_WARN_BOOL_CONVERSION = YES;
				CLANG_WARN_COMMA = YES;
				CLANG_WARN_CONSTANT_CONVERSION = YES;
				CLANG_WARN_DEPRECATED_OBJC_IMPLEMENTATIONS = YES;
				CLANG_WARN_DIRECT_OBJC_ISA_USAGE = YES_ERROR;
				CLANG_WARN_DOCUMENTATION_COMMENTS = YES;
				CLANG_WARN_EMPTY_BODY = YES;
				CLANG_WARN_ENUM_CONVERSION = YES;
				CLANG_WARN_INFINITE_RECURSION = YES;
				CLANG_WARN_INT_CONVERSION = YES;
				CLANG_WARN_NON_LITERAL_NULL_CONVERSION = YES;
				CLANG_WARN_OBJC_IMPLICIT_RETAIN_SELF = YES;
				CLANG_WARN_OBJC_LITERAL_CONVERSION = YES;
				CLANG_WARN_OBJC_ROOT_CLASS = YES_ERROR;
				CLANG_WARN_QUOTED_INCLUDE_IN_FRAMEWORK_HEADER = YES;
				CLANG_WARN_RANGE_LOOP_ANALYSIS = YES;
				CLANG_WARN_STRICT_PROTOTYPES = YES;
				CLANG_WARN_SUSPICIOUS_MOVE = YES;
				CLANG_WARN_UNGUARDED_AVAILABILITY = YES_AGGRESSIVE;
				CLANG_WARN_UNREACHABLE_CODE = YES;
				CLANG_WARN__DUPLICATE_METHOD_MATCH = YES;
				COPY_PHASE_STRIP = NO;
				DEBUG_INFORMATION_FORMAT = dwarf;
				ENABLE_STRICT_OBJC_MSGSEND = YES;
				ENABLE_TESTABILITY = YES;
				GCC_C_LANGUAGE_STANDARD = gnu11;
				GCC_DYNAMIC_NO_PIC = NO;
				GCC_NO_COMMON_BLOCKS = YES;
				GCC_OPTIMIZATION_LEVEL = 0;
				GCC_PREPROCESSOR_DEFINITIONS = (
					"DEBUG=1",
					"$(inherited)",
				);
				GCC_WARN_64_TO_32_BIT_CONVERSION = YES;
				GCC_WARN_ABOUT_RETURN_TYPE = YES_ERROR;
				GCC_WARN_UNDECLARED_SELECTOR = YES;
				GCC_WARN_UNINITIALIZED_AUTOS = YES_AGGRESSIVE;
				GCC_WARN_UNUSED_FUNCTION = YES;
				GCC_WARN_UNUSED_VARIABLE = YES;
				IPHONEOS_DEPLOYMENT_TARGET = 15.2;
				MTL_ENABLE_DEBUG_INFO = INCLUDE_SOURCE;
				MTL_FAST_MATH = YES;
				ONLY_ACTIVE_ARCH = YES;
				SDKROOT = iphoneos;
				SWIFT_ACTIVE_COMPILATION_CONDITIONS = DEBUG;
				SWIFT_OPTIMIZATION_LEVEL = "-Onone";
			};
			name = Debug;
		};
		C361099A27D5EBE100AF3A31 /* Release */ = {
			isa = XCBuildConfiguration;
			buildSettings = {
				ALWAYS_SEARCH_USER_PATHS = NO;
				CLANG_ANALYZER_NONNULL = YES;
				CLANG_ANALYZER_NUMBER_OBJECT_CONVERSION = YES_AGGRESSIVE;
				CLANG_CXX_LANGUAGE_STANDARD = "gnu++17";
				CLANG_CXX_LIBRARY = "libc++";
				CLANG_ENABLE_MODULES = YES;
				CLANG_ENABLE_OBJC_ARC = YES;
				CLANG_ENABLE_OBJC_WEAK = YES;
				CLANG_WARN_BLOCK_CAPTURE_AUTORELEASING = YES;
				CLANG_WARN_BOOL_CONVERSION = YES;
				CLANG_WARN_COMMA = YES;
				CLANG_WARN_CONSTANT_CONVERSION = YES;
				CLANG_WARN_DEPRECATED_OBJC_IMPLEMENTATIONS = YES;
				CLANG_WARN_DIRECT_OBJC_ISA_USAGE = YES_ERROR;
				CLANG_WARN_DOCUMENTATION_COMMENTS = YES;
				CLANG_WARN_EMPTY_BODY = YES;
				CLANG_WARN_ENUM_CONVERSION = YES;
				CLANG_WARN_INFINITE_RECURSION = YES;
				CLANG_WARN_INT_CONVERSION = YES;
				CLANG_WARN_NON_LITERAL_NULL_CONVERSION = YES;
				CLANG_WARN_OBJC_IMPLICIT_RETAIN_SELF = YES;
				CLANG_WARN_OBJC_LITERAL_CONVERSION = YES;
				CLANG_WARN_OBJC_ROOT_CLASS = YES_ERROR;
				CLANG_WARN_QUOTED_INCLUDE_IN_FRAMEWORK_HEADER = YES;
				CLANG_WARN_RANGE_LOOP_ANALYSIS = YES;
				CLANG_WARN_STRICT_PROTOTYPES = YES;
				CLANG_WARN_SUSPICIOUS_MOVE = YES;
				CLANG_WARN_UNGUARDED_AVAILABILITY = YES_AGGRESSIVE;
				CLANG_WARN_UNREACHABLE_CODE = YES;
				CLANG_WARN__DUPLICATE_METHOD_MATCH = YES;
				COPY_PHASE_STRIP = NO;
				DEBUG_INFORMATION_FORMAT = "dwarf-with-dsym";
				ENABLE_NS_ASSERTIONS = NO;
				ENABLE_STRICT_OBJC_MSGSEND = YES;
				GCC_C_LANGUAGE_STANDARD = gnu11;
				GCC_NO_COMMON_BLOCKS = YES;
				GCC_WARN_64_TO_32_BIT_CONVERSION = YES;
				GCC_WARN_ABOUT_RETURN_TYPE = YES_ERROR;
				GCC_WARN_UNDECLARED_SELECTOR = YES;
				GCC_WARN_UNINITIALIZED_AUTOS = YES_AGGRESSIVE;
				GCC_WARN_UNUSED_FUNCTION = YES;
				GCC_WARN_UNUSED_VARIABLE = YES;
				IPHONEOS_DEPLOYMENT_TARGET = 15.2;
				MTL_ENABLE_DEBUG_INFO = NO;
				MTL_FAST_MATH = YES;
				SDKROOT = iphoneos;
				SWIFT_COMPILATION_MODE = wholemodule;
				SWIFT_OPTIMIZATION_LEVEL = "-O";
				VALIDATE_PRODUCT = YES;
			};
			name = Release;
		};
		C361099C27D5EBE100AF3A31 /* Debug */ = {
			isa = XCBuildConfiguration;
			baseConfigurationReference = B2F6BD38677C0D8B1105E461 /* Pods-RxSwiftExample.debug.xcconfig */;
			buildSettings = {
				ASSETCATALOG_COMPILER_APPICON_NAME = AppIcon;
				ASSETCATALOG_COMPILER_GLOBAL_ACCENT_COLOR_NAME = AccentColor;
				CODE_SIGN_STYLE = Automatic;
				CURRENT_PROJECT_VERSION = 1;
				DEVELOPMENT_TEAM = D6RBSQ9WD6;
				GENERATE_INFOPLIST_FILE = YES;
				INFOPLIST_FILE = RxSwiftExample/Info.plist;
				INFOPLIST_KEY_UIApplicationSupportsIndirectInputEvents = YES;
				INFOPLIST_KEY_UILaunchStoryboardName = LaunchScreen;
				INFOPLIST_KEY_UIMainStoryboardFile = Main;
				INFOPLIST_KEY_UISupportedInterfaceOrientations = UIInterfaceOrientationPortrait;
				INFOPLIST_KEY_UISupportedInterfaceOrientations_iPad = "UIInterfaceOrientationPortrait UIInterfaceOrientationPortraitUpsideDown UIInterfaceOrientationLandscapeLeft UIInterfaceOrientationLandscapeRight";
				INFOPLIST_KEY_UISupportedInterfaceOrientations_iPhone = "UIInterfaceOrientationPortrait UIInterfaceOrientationLandscapeLeft UIInterfaceOrientationLandscapeRight";
				LD_RUNPATH_SEARCH_PATHS = (
					"$(inherited)",
					"@executable_path/Frameworks",
				);
				MARKETING_VERSION = 1.0;
				PRODUCT_BUNDLE_IDENTIFIER = hyeon.RxSwiftExample;
				PRODUCT_NAME = "$(TARGET_NAME)";
				SWIFT_EMIT_LOC_STRINGS = YES;
				SWIFT_VERSION = 5.0;
				TARGETED_DEVICE_FAMILY = 1;
			};
			name = Debug;
		};
		C361099D27D5EBE100AF3A31 /* Release */ = {
			isa = XCBuildConfiguration;
			baseConfigurationReference = A334F2A78344B6ED5B4EC8E1 /* Pods-RxSwiftExample.release.xcconfig */;
			buildSettings = {
				ASSETCATALOG_COMPILER_APPICON_NAME = AppIcon;
				ASSETCATALOG_COMPILER_GLOBAL_ACCENT_COLOR_NAME = AccentColor;
				CODE_SIGN_STYLE = Automatic;
				CURRENT_PROJECT_VERSION = 1;
				DEVELOPMENT_TEAM = D6RBSQ9WD6;
				GENERATE_INFOPLIST_FILE = YES;
				INFOPLIST_FILE = RxSwiftExample/Info.plist;
				INFOPLIST_KEY_UIApplicationSupportsIndirectInputEvents = YES;
				INFOPLIST_KEY_UILaunchStoryboardName = LaunchScreen;
				INFOPLIST_KEY_UIMainStoryboardFile = Main;
				INFOPLIST_KEY_UISupportedInterfaceOrientations = UIInterfaceOrientationPortrait;
				INFOPLIST_KEY_UISupportedInterfaceOrientations_iPad = "UIInterfaceOrientationPortrait UIInterfaceOrientationPortraitUpsideDown UIInterfaceOrientationLandscapeLeft UIInterfaceOrientationLandscapeRight";
				INFOPLIST_KEY_UISupportedInterfaceOrientations_iPhone = "UIInterfaceOrientationPortrait UIInterfaceOrientationLandscapeLeft UIInterfaceOrientationLandscapeRight";
				LD_RUNPATH_SEARCH_PATHS = (
					"$(inherited)",
					"@executable_path/Frameworks",
				);
				MARKETING_VERSION = 1.0;
				PRODUCT_BUNDLE_IDENTIFIER = hyeon.RxSwiftExample;
				PRODUCT_NAME = "$(TARGET_NAME)";
				SWIFT_EMIT_LOC_STRINGS = YES;
				SWIFT_VERSION = 5.0;
				TARGETED_DEVICE_FAMILY = 1;
			};
			name = Release;
		};
		C361099F27D5EBE100AF3A31 /* Debug */ = {
			isa = XCBuildConfiguration;
			baseConfigurationReference = 6E311D7E0BCD52A25FE7D882 /* Pods-RxSwiftExampleTests.debug.xcconfig */;
			buildSettings = {
				ALWAYS_EMBED_SWIFT_STANDARD_LIBRARIES = YES;
				BUNDLE_LOADER = "$(TEST_HOST)";
				CODE_SIGN_STYLE = Automatic;
				CURRENT_PROJECT_VERSION = 1;
				DEVELOPMENT_TEAM = D6RBSQ9WD6;
				GENERATE_INFOPLIST_FILE = YES;
				IPHONEOS_DEPLOYMENT_TARGET = 15.2;
				MARKETING_VERSION = 1.0;
				PRODUCT_BUNDLE_IDENTIFIER = hyeon.RxSwiftExampleTests;
				PRODUCT_NAME = "$(TARGET_NAME)";
				SWIFT_EMIT_LOC_STRINGS = NO;
				SWIFT_VERSION = 5.0;
				TARGETED_DEVICE_FAMILY = "1,2";
				TEST_HOST = "$(BUILT_PRODUCTS_DIR)/RxSwiftExample.app/RxSwiftExample";
			};
			name = Debug;
		};
		C36109A027D5EBE100AF3A31 /* Release */ = {
			isa = XCBuildConfiguration;
			baseConfigurationReference = 8D3503BFFC962AEBD674ECB0 /* Pods-RxSwiftExampleTests.release.xcconfig */;
			buildSettings = {
				ALWAYS_EMBED_SWIFT_STANDARD_LIBRARIES = YES;
				BUNDLE_LOADER = "$(TEST_HOST)";
				CODE_SIGN_STYLE = Automatic;
				CURRENT_PROJECT_VERSION = 1;
				DEVELOPMENT_TEAM = D6RBSQ9WD6;
				GENERATE_INFOPLIST_FILE = YES;
				IPHONEOS_DEPLOYMENT_TARGET = 15.2;
				MARKETING_VERSION = 1.0;
				PRODUCT_BUNDLE_IDENTIFIER = hyeon.RxSwiftExampleTests;
				PRODUCT_NAME = "$(TARGET_NAME)";
				SWIFT_EMIT_LOC_STRINGS = NO;
				SWIFT_VERSION = 5.0;
				TARGETED_DEVICE_FAMILY = "1,2";
				TEST_HOST = "$(BUILT_PRODUCTS_DIR)/RxSwiftExample.app/RxSwiftExample";
			};
			name = Release;
		};
		C36109A227D5EBE100AF3A31 /* Debug */ = {
			isa = XCBuildConfiguration;
			baseConfigurationReference = 7A057ACCB3A3F37C6E494B46 /* Pods-RxSwiftExample-RxSwiftExampleUITests.debug.xcconfig */;
			buildSettings = {
				ALWAYS_EMBED_SWIFT_STANDARD_LIBRARIES = YES;
				CODE_SIGN_STYLE = Automatic;
				CURRENT_PROJECT_VERSION = 1;
				DEVELOPMENT_TEAM = D6RBSQ9WD6;
				GENERATE_INFOPLIST_FILE = YES;
				MARKETING_VERSION = 1.0;
				PRODUCT_BUNDLE_IDENTIFIER = hyeon.RxSwiftExampleUITests;
				PRODUCT_NAME = "$(TARGET_NAME)";
				SWIFT_EMIT_LOC_STRINGS = NO;
				SWIFT_VERSION = 5.0;
				TARGETED_DEVICE_FAMILY = "1,2";
				TEST_TARGET_NAME = RxSwiftExample;
			};
			name = Debug;
		};
		C36109A327D5EBE100AF3A31 /* Release */ = {
			isa = XCBuildConfiguration;
			baseConfigurationReference = 767CC4C82AF90606198C70F8 /* Pods-RxSwiftExample-RxSwiftExampleUITests.release.xcconfig */;
			buildSettings = {
				ALWAYS_EMBED_SWIFT_STANDARD_LIBRARIES = YES;
				CODE_SIGN_STYLE = Automatic;
				CURRENT_PROJECT_VERSION = 1;
				DEVELOPMENT_TEAM = D6RBSQ9WD6;
				GENERATE_INFOPLIST_FILE = YES;
				MARKETING_VERSION = 1.0;
				PRODUCT_BUNDLE_IDENTIFIER = hyeon.RxSwiftExampleUITests;
				PRODUCT_NAME = "$(TARGET_NAME)";
				SWIFT_EMIT_LOC_STRINGS = NO;
				SWIFT_VERSION = 5.0;
				TARGETED_DEVICE_FAMILY = "1,2";
				TEST_TARGET_NAME = RxSwiftExample;
			};
			name = Release;
		};
/* End XCBuildConfiguration section */

/* Begin XCConfigurationList section */
		C361096C27D5EBE000AF3A31 /* Build configuration list for PBXProject "RxSwiftExample" */ = {
			isa = XCConfigurationList;
			buildConfigurations = (
				C361099927D5EBE100AF3A31 /* Debug */,
				C361099A27D5EBE100AF3A31 /* Release */,
			);
			defaultConfigurationIsVisible = 0;
			defaultConfigurationName = Release;
		};
		C361099B27D5EBE100AF3A31 /* Build configuration list for PBXNativeTarget "RxSwiftExample" */ = {
			isa = XCConfigurationList;
			buildConfigurations = (
				C361099C27D5EBE100AF3A31 /* Debug */,
				C361099D27D5EBE100AF3A31 /* Release */,
			);
			defaultConfigurationIsVisible = 0;
			defaultConfigurationName = Release;
		};
		C361099E27D5EBE100AF3A31 /* Build configuration list for PBXNativeTarget "RxSwiftExampleTests" */ = {
			isa = XCConfigurationList;
			buildConfigurations = (
				C361099F27D5EBE100AF3A31 /* Debug */,
				C36109A027D5EBE100AF3A31 /* Release */,
			);
			defaultConfigurationIsVisible = 0;
			defaultConfigurationName = Release;
		};
		C36109A127D5EBE100AF3A31 /* Build configuration list for PBXNativeTarget "RxSwiftExampleUITests" */ = {
			isa = XCConfigurationList;
			buildConfigurations = (
				C36109A227D5EBE100AF3A31 /* Debug */,
				C36109A327D5EBE100AF3A31 /* Release */,
			);
			defaultConfigurationIsVisible = 0;
			defaultConfigurationName = Release;
		};
/* End XCConfigurationList section */
	};
	rootObject = C361096927D5EBE000AF3A31 /* Project object */;
}
